U2FsdGVkX1+jNE6oCXGw9j75CMwaybu4JsAAp4J7Gt/bn6lWBg1VytZBbN61VTDP
AIAvZudfltd29v8aiu3DtGlWhX6FNWuYfYf2xdRiOpIJik1amoIm2AsKtBufC9k9
VcBmrDguYbzSMqcY0PBhsjn66dsPo665FZhYpBIpvhWLZkDfXWaAscPt41AzvLxN
2TiG4qYaePFJkGgpbm9kaFbJH7nFbAl0berBxgaDMXUZgyyBtqbiYUEz0M7tJY7m
sUNU0qt69i2f0XEm/hRDzpiKcg3mqIbWN93dfYYS6lF0Sx6KXLhQwnXLX2YH6zck
A9kAJgHEGJTQdILszWHmc+m3SBVvQ4vtf7akYOw2361FII3uuQHAXrgSp8FE19xy
TG8jkdkBpgxe2jm2ANajp8ilLexdrYaFuuymi2d8mbyIwLD1OF48CC0A1U/tPRkS
oq7DwNGQ64xmTFbAQyV/xFYP/HzbLT+FPolnhtnOYB021IlqSoctDMxTrrb7MujX
O7RMp8bGP0FqsGR/mk8ORyV7A9yrf1BA12ZkWVipE/2dUZVg9BuCJKgHOro54QyH
SkIaLW1X1Rhw6N/8Ixn+i1kkFb9iidicyUPFbJRCjX7axMD5m/KLI9P4jDR0YHvD
Zod+HXM/hzA132QseZLt0oDNQOx7axl6r1SFzyjyPuDDYPDBR/A7D4MrBsvsxeN3
LzWQ3Tvxei4bDgoqaKQKNqwqF9KvaS4Mtm8m4e5yTAx0IM4onh30fm4JNPvRBIiV
C6Ae3/oubZ1oGnjHQLOGwDI8UxAWo+h5+PNhOJsUUEeH/Hakj4yXGy0Qmb1JgONK
FFcZ9UKceqMvMqA3iW7YXx9Sy6ypJNeskt7VBkuSxYBMtwVQFtaKhmgihGAua09M
Vh3abpH4qAsNhnhQ4kCY07b7+amsRowMDY7SZh7Oatnzwzog6GEF6XkgWwcgb5UM
bARmzDY7jZQY/NN0nZ8u9n4CKCqGQgT0t542jaQKe+Yy8vR5C3Fsytp4tnRIC9y2
TQXPRHXm8AJfs9gwdlD1m60i4SLtVg3A+zyqypS/O3/X8DamYHbGXpOTNocyVxHI
7Gys7YBvKJgkmieC/n3S5+qXy9YJxEH8UEJtkutPVzSGB2WxQrKj1I6BOTlR1bTi
zbA7grYru0ePrhwCtF790vwT2ZOwu7K5rdehy3SjILu/6uAaYL09Q1XC2LGJvnHU
Z1I/q8ZLhzCWieYkkB2ATIEHIYD8lg2EtCsgL0CZlMzFsB9mTFOs5WjeOh86tVD4
SshEQf+BGyJsSZksO8CYVW3muAd9AX7qlsnXVKepRlXWZGSXSlBXb5KEs6oiKYOb
71Wwlcm54zSSfYyY7m/SYcI8LsLWfdR3zj3yTeICXQ3+sWigxnkmppg3A4RIuQCy
BvD0hqrQbblx10SSeruFTwJVnTd4fvwRZL2SCQtd+bXA4uT7fc9V4flfO2e0ZLKF
bRjTC8vZBbxT5YiXP/2IpPc8oKZ6BWSFXXVBZk+PoyO8u9BMxtDo2ykXn1YYRXd/
UTimz7XCAi6dUFd3mnnF6/c8oKZ6BWSFXXVBZk+PoyNiUadWnUkaJHcyRLiLv8wL
gQchgPyWDYS0KyAvQJmUzMWwH2ZMU6zlaN46Hzq1UPhKyERB/4EbImxJmSw7wJhV
uR459einQB11HC2FFjLJwqXzzkWFaRiJKmE4yrbAR1Wx7xwMpaMY9y5A/tR+qZDC
6pfL1gnEQfxQQm2S609XNDdOI/V37lNiyy5zZ5nQbR/bPg/g1mMhx8iiCKC8AzMW
f69sSb3ByXwpLCwHNLEkFhfoR8VANJeBqgYs5JllkY/VNabNIXSlerexk/9TYoW2
pMMC8fmV3u3qs3uO84oiauVpP+bwGwgwqX2zvigKkdtzQYTjXEv6kVLTElYlaFtD
jxZW595W7TuTJiDZQLn11SowqXcHudEs67vU3bPFvW0PDOUVyJV0UkGGFW/J0HlJ
CUxL4tiJk1f/syyKtOLIsH6Nj21USaA5iGKSVJNL+THuxIQ3GaAgVVcxRRcbIdwI
Mp0qIBj37llEneFF7I4KVnVCj3yCvGRTjfQO8k1+DQl8U34nxdgvSjep2e3f470n
RPLXFM5lsx1GM/QpzMbioKcT80qOLjqtMFdCLdK1MH2f4P+uybY+FFM8oHpL8vfH
tapAFLJ227oW6NYwdwvSopRcJb011P4MeNUIWN851p5Se2uhjYUVClK8t72Z1qhv
JBL3vbN4Kw3VSAT7n7F1BQugHt/6Lm2daBp4x0CzhsCG907oha0e/fRJD0IQog/n
VtAfp+pilsxy5oY1axfFzsGSiJGPZVMSDEAj1CkMVsGYinIN5qiG1jfd3X2GEupR
dEseily4UMJ1y19mB+s3JAzP9PogRa5wbpvyPhydZ2Y1TEFNeRMavHPEFVsffUoZ
oaUGJbaF5YenHXtE5hbWLYHo4Hcphzbg434la7fOD7RSe2uhjYUVClK8t72Z1qhv
8eAOAg4+uKzWzl2oiERFzsGSiJGPZVMSDEAj1CkMVsGYinIN5qiG1jfd3X2GEupR
dEseily4UMJ1y19mB+s3JISpnlSVrV+vaPdHW0qnk4cp7el9ujhzSm1qn0mbT3XX
CTA1kA/ZyrB8ydA3V+VdnAugHt/6Lm2daBp4x0CzhsB7253Z/sN0b5fMOSO40Xn6
bLy1WXFP3MPTgDU+0jF1exMyFWxPkufbOqI4cqufJHatIuEi7VYNwPs8qsqUvzt/
1/A2pmB2xl6TkzaHMlcRyP6E74zyB/e9c9tc+m3mqJnql8vWCcRB/FBCbZLrT1c0
W2Fu4TCJVLVVD66pd4GZle7K3HM+SCQc8aeGQkELX8pbfHyEyvKjBA4WJWACtiNO
J3ifV1B/e3onmUJBwZghip9MMdqwgV/trkaRrPbhclSgSwFNHqgBhI8TU+ScsAAl
x7AIKf1L5HEIFxhhCg3CMuxcySjg8WNFhMoAXi37/1RZJBW/YonYnMlDxWyUQo1+
yrYBHUrtDxpe+uKCCeaYeM+eUDY35kjyc1sC79aYXw2eSPXnoni99HaW9AcVNH82
DsGMDfjhBYYF6oBKvHsxuKKuw8DRkOuMZkxWwEMlf8RWD/x82y0/hT6JZ4bZzmAd
NtSJakqHLQzMU662+zLo1xy1AGjSDHWc6uj96q/xqU6zxMPlAaUWJXi5uRVjDZv6
JtdmahIxVKdXVyu35E8aqLzvOCR899Irga0vfejJHqVWHQ8iuxZn5vZFYqdnCgmG
YIA5F0cvuH67OjrMmglk0kEt53WvcgzEYTrX4drsihKtIuEi7VYNwPs8qsqUvzt/
1/A2pmB2xl6TkzaHMlcRyFmUDH1vH3P3mJCVl43KeAXql8vWCcRB/FBCbZLrT1c0
Nt9tD9eCm6vLDzPoCNjiJZPh1asN7HcYlCk9LbvjSO1EhGQUV5Q0SZW7ThRPMRo4
s8TD5QGlFiV4ubkVYw2b+l+6h0oMukuW04xNEZ0l4ch3sh/17B78piPjjVF5BfJg
21hF4PL5PPZprNRuKY38Y3RXUj6s6QJe6k0f7zcAm15G/L0tfgifDTQdz9BCBL7A
7r20LpbKUgNWJ+tY3TYaNJfzhq1jl5rTui5l6j4gD6BRnfau/HksKJeAD3SfYQlc
6pfL1gnEQfxQQm2S609XNOdZDcuLyKKc/4HVsYBrh3uirsPA0ZDrjGZMVsBDJX/E
Vg/8fNstP4U+iWeG2c5gHTbUiWpKhy0MzFOutvsy6NcDTW9yx8O/NJYX5p9ZJUCD
wiirz/bkY/T2mDNcmUI52M+T9MqkJc79+loG2FpSprSPwWX3O5GPAolJ6lQ8yjmJ
9zygpnoFZIVddUFmT4+jI5hkbBsHmK6SME1oCJlWHk4B/fRw+17Z3eL4LbRAVPMV
gQchgPyWDYS0KyAvQJmUzMWwH2ZMU6zlaN46Hzq1UPiDQ7ygbmiEywda8mx3xD43
EwTEO0hzXmA9NmyVgDAcOjDNq3UfcpjE85mybn8xabbiFpyeq+IQpzKUHOESGN0N
c3Dxni0gKxbfES+L/asvx+qXy9YJxEH8UEJtkutPVzQKjfAbC00Hu4lle5U9SY3+
CLa1IJRba6rIMG1/4CcgA2NpjPTuU8uuUKHIB3zfcccpiB912U6FTDPdXMzBYcn5
5fmaarvW1SM3vxvEwq7UdTVYZZWTDS8JVAQcS9XXepLc5CNvzkycIrZIkQQA9PHR
Tmpa03kE6/oQtCmzFCEtVnEZy85yYTHyMLEAkpxW2CJmh34dcz+HMDXfZCx5ku3S
gM1A7HtrGXqvVIXPKPI+4MNg8MFH8DsPgysGy+zF43fbX9bl214lOc0+uBPo+eCf
wpsaHWRVpIfXJG+3RkOhlsTj5WufFGEKUpZ2x2JLEGRfD4Sj2+xXvT9mZPZnLRb4
EeGJzkE5YSy/Vk3jLSEVFJTXnJlz2p3nI4AxMeh9YH9e9/Mff7wjXNE+G3YnCGA0
gXpc4NPLoNGlK4VorQY10Y+FoMq1U8pBsytmVPnvzSbhjHKQNiWHjIVXlOky8A2g
sbnuUQGYFAFVrgbpR2CCYjvaMbWi7FqwING/3j9tqLjOe89wKKj3XQMtrIAZ8Q/3
E+yHBcaz4h3af/Pp5F1jfrSQzaSlerinwFVzRWznQ3Fe9/Mff7wjXNE+G3YnCGA0
gXpc4NPLoNGlK4VorQY10Y+FoMq1U8pBsytmVPnvzSYQnHu4Iq3IC5iwK9oB7rsD
1vLVt4WY7Hf458jlO3NpR7Qcbug1h+eISz0CR2+S4R4NCh45g86ERXMLsDH4BBjz
f5/xGTXsJXmJ/TjrWePBLWgEqRN2tn/+kq0q9rJ6kYN6lYFZAmDXoSru08MZRaZK
21hF4PL5PPZprNRuKY38Y3RXUj6s6QJe6k0f7zcAm170IJFwIOktaPLhM1emhOtv
7WoSXQzlnn/pzyntBWWkzi+fqpIvgVcuXHNiZDu53yESLQQ7AUXOXOKLQacuxjKa
nyekXKskv6UqL0bXX5CVIutj6gZ7Rxb3w56Fra55T2HVXhQXDloGT4ryk8471vOv
AlWdN3h+/BFkvZIJC135tcDi5Pt9z1Xh+V87Z7RksoWIYbAfmZ3rNyBoEYDgNUmt
KTwAtT7kv7psZLDCzdGXpKSYYEFEMHK7AZ5oOzb1FTj8zLoZ09B7EHDacbdEylnF
2KzjTBLn3eZV/uMJ6vIKoGyMN4QLsCEA7pJoEdWVkriwebqftz944jwat5odJW+w
qhzzEVM+iULqOfLEuGx8evBc1gE9avHbfcCkDc8VOwyXciTjtX10M4I38mDROuXt
/4EhIO7aWZrm11WYsZzb9WnkiNv5U6DM4IDR7xxwjbyP2i0OCYaLyY5egn1CkTBg
uO/hvUB2Pwe2/kyfA18dnwHfGyOouk3i6mj4I+kHPpp6nMig9P8f4okNyJSlnesp
CnTd7Aue0JeOOgy3I7FooJ/g/67Jtj4UUzygekvy98e1qkAUsnbbuhbo1jB3C9Ki
ZnEDi6t1U0KNQw8GUNF2tUDyKaDttYDESaHOqdhY3cR6nMig9P8f4okNyJSlnesp
6BpNBty6W82HCwYxb65QkvE5fDcNpW+uFHjMlQwJnvJc62amoTQWgpsFE/Z5w4Ue
HOLFQcPUha87BXTgYChODP5mGuJ9knkKIE+YQASXraqBelzg08ug0aUrhWitBjXR
wEgzzxrvxG0T7G34JZjPGzDouYSlLMguxy4skNms3Yoq0pMS9CObNUSywVYZaJsm
oNFDy2yJQtrp7xTg5w57b8LgRW4A/mmP2/qB2+oo6FHWhJqFwWyl3SrCQOw7iPa4
zq0fl7cdOYKU7b9EbXXcwgi2tSCUW2uqyDBtf+AnIANjaYz07lPLrlChyAd833HH
KYgfddlOhUwz3VzMwWHJ+fAoeFSqsjy54VYUKVuNuWT66kecmGwkxv/bpr/8U4k5
FHFMeYeYr4Vgq2N9oa6pr7dOz6SJG/TaqZRThAQEIHqDYBM7jb8ROI29V2E9242W
kVbv/juud5cOmmfew63+FHeyH/XsHvymI+ONUXkF8mDbWEXg8vk89mms1G4pjfxj
dFdSPqzpAl7qTR/vNwCbXrtu91j9KjcH2r0aztKk5pnV1Z1W62/zZ5XPSq/IvalU
P8xLvh2QBASD7E00VvHEIPfuFaYn0qxOmopEVc0gkwhbGqxqC7HCMTdGW4hilvQ1
rwF/jVKrLrmfcYczXPDhey3J0ElsaJJZmvRT+O/ArACKTPajMxP3Dx4IatC9P28P
HdrykUaXtWbQcRU5NOFJgUXUIU0wHRSxvgC/dHIa32RAtv/zzq8MCxRchMIoV+6u
T1MeBihved95haOKk3mdcbC5JaiGTQrZ1wJpLjOmst/Dbxni3fEVU5Rge4NxcJ3K
PZ0XHtedRDHO5Nr0VrNk560i4SLtVg3A+zyqypS/O3/X8DamYHbGXpOTNocyVxHI
Ps8cey2/IbOJXkS8nI+ek5TBnl26Lg6RFMs6MfJYyoi+XCQ2RzNHa2Yw0IuIW2y5
AQj0IbOUJfgaPBjIvnIZW3iVMYM3kfDYH1xjDU3SaEWLHHxT/VmsIJEz1rUPp85y
c0YczdEekHtiOFEuMl/V7B9Sy6ypJNeskt7VBkuSxYBMtwVQFtaKhmgihGAua09M
nud+uLxZYmCDbQR6mlkuIay9TeoqjJ88wlCdeVl7mxnzfMZASOYU3g9oBizrNenp
4aGwJiFfnIfO9yBdamsoKepFzmzpd2MqDaOcxYSOHY8IXr88UNtgVE19sYGADg6+
Zod+HXM/hzA132QseZLt0oDNQOx7axl6r1SFzyjyPuDDYPDBR/A7D4MrBsvsxeN3
NY3tykQkryaCPBV319b9VJY7WSsLmIu4clc6Wm/shTted3visbfeiih4BRVxaeRM
u0Irs08gn0aOA3G0uetOaVsarGoLscIxN0ZbiGKW9DWLNLRrI68GEiyYqD4MR1kK
d7If9ewe/KYj441ReQXyYNtYReDy+Tz2aazUbimN/GN0V1I+rOkCXupNH+83AJte
2Dy1YQ0TLHEshtZmXAbqIww+FrTER9vr3H2S5/7iA/drcgsGXpgcRUzyXMTmzxgu
8ZWWh0squucPTP+HEEVEt4NgEzuNvxE4jb1XYT3bjZavrigouc8sEk72dqZQ+Xlc
d7If9ewe/KYj441ReQXyYNtYReDy+Tz2aazUbimN/GN0V1I+rOkCXupNH+83AJte
rO9mYC5jY9wpCpa8ppSaYf5vgK34uGoHtu5TvjGP8LAHLoyUXN5PBuy2BK2ElcOX
TSGdWGYx+jTX6TZ92xdzLFsarGoLscIxN0ZbiGKW9DXk5KL8D5J8y1DuKBrEwiZd
gQchgPyWDYS0KyAvQJmUzMWwH2ZMU6zlaN46Hzq1UPj21dkl++WmXmJvjj1HLNKd
SXi+Xj3vknR+4Kj4CrCqc0mIg+uXhgpkUdxHLFCtmAzR/fxLesinaBbauyk55QmN
4E9MfY91HjOXLeCnlvapkO3HbtMfFNZTGlwr2AeolXKfTDHasIFf7a5Gkaz24XJU
oEsBTR6oAYSPE1PknLAAJcewCCn9S+RxCBcYYQoNwjIDNzP0FM0LmiYNAyRmb2uY
WxqsaguxwjE3RluIYpb0NX8bZ511SoSnSPUU8SH1SH5GatXGFF5Zs1AUN1+iPBK+
xT3ecG6P4eaF0piqGX8U7utWyZ3lYPv7Xe0MSz06ruNI586gcuHCKewRNKdgv8qD
mIpyDeaohtY33d19hhLqUXRLHopcuFDCdctfZgfrNyQBi/dW2VIhckRAgOMncu/D
Ekqaj/f3P5I282OptQNBywUl9IhEXZ1twWuOPADth2jTo5/d08eXO+Eu7NaKJdsJ
rL1N6iqMnzzCUJ15WXubGTKA7kO8gKMP6xWdGnJOec93sh/17B78piPjjVF5BfJg
21hF4PL5PPZprNRuKY38Y3RXUj6s6QJe6k0f7zcAm15sd9IPVok4jukbz+ujKZlo
QwFeBKXoigQlfXna1dgp4ESTWi7NqBBzYrBWgjHtM7mYpKNHANNwJplProAQwBUE
QuGHlH9A2tLOh5E52i4bjHUv5XBIqOzKsfLL1TdoU20PDOUVyJV0UkGGFW/J0HlJ
CUxL4tiJk1f/syyKtOLIsOX+t1uXBwF+M5QUBAHjJAVUQD5ZEsG7cQd2VR7D+xnY
+6kwsZQQyUp/FcXH1yRWLk9THgYob3nfeYWjipN5nXFKmZQ9idQ4HIK+eyUQjGRe
WFcQpx7809fyGvtrmD3c0PIHCVlyjgf0I8sgMOZoLH2iqfcNXChgvB8tzCVtfvea
ikz2ozMT9w8eCGrQvT9vDx3a8pFGl7Vm0HEVOTThSYEn/KYDwErF2BtqpLbS67kM
+71L5KAf2oDnr2W+S6adz45fz1+pt/F0284AJ1KhA14gwML/kZBpDP0yi30us/Bn
+bDZQCtbCMApWVRyHXq600IDSdVgKXW4oivHyMVjs+1e9/Mff7wjXNE+G3YnCGA0
gXpc4NPLoNGlK4VorQY10T/opp+A0GTsKYUAxG8swwTueJTBZhTDYwtwg4Jrz+2q
eAwFs5rTo12ypPxGGQBtGnj3bdtQY5I2y+gSCZTFHa/kOpo47DeYuUMqvlMK+340
+6pjTmb0euNVzT686nQTnliVcFbJB8vqUBXEE2/vSBqBByGA/JYNhLQrIC9AmZTM
xbAfZkxTrOVo3jofOrVQ+IKJl9PMejOf5AJ9mPwP0ubMvp5XYkHdZEB2lhlehcF0
oKdPNI3N2hw5G4asW0shEE++1hfBGzrAkVpG+gdNTo4mzPEQJaGlxjbSyCQMxDr+
Fdo2pPZMqnP5+9GCDcFGpJ9MMdqwgV/trkaRrPbhclSgSwFNHqgBhI8TU+ScsAAl
x7AIKf1L5HEIFxhhCg3CMkqNeIB7IqNtAUOTpEq6qksk60agpq+KEgeOWBzqFib4
cHMmQopeeDLcT9z3YNlCuwuUNBK2UmMWzKbSJeat6mHd77LYUPbr53c7mCr6Gdk4
aojtHa4ZhfG/6t+DUMyXPMGSiJGPZVMSDEAj1CkMVsGYinIN5qiG1jfd3X2GEupR
dEseily4UMJ1y19mB+s3JKk90wNhVjqsC/uFsGdJivlsKIskKkvK8ZxP98ZCKaRL
+s1qRLzhpPWBrDNFNvFuaWTPa/I/uRyVD9HXjljiE5gHNgvxLUPmDINmoAuUmW47
Ec09AMnqhNUKWt57Xo6iQ2dayuMF1Q8lzsFPfUFpJ8kCVZ03eH78EWS9kgkLXfm1
wOLk+33PVeH5XztntGSyhV0UznI4cp5MFhOwfONQ/3GT6Shi8dSL5Dg2fLyLP1hT
C1rCpLy1JXIHDpsTGbsyragxsaLHVZWhEwDX5AvqHrIqRU239NdqFjfI5xh15QMZ
/pNP3K9Za0Au9WoBJDNRLpZRXQMz9D+fADXtKQGBiZWsDaGzZvb3lRP+9K/98Fxq
Fsyv0Gq+me1NMaC9Dc78n7LP5UlqpcuSiYpQHGK9sqVM8aA+0Fgeo6LBYcQkH+5c
oJeQ5owOd+h/xprpOnSaaQMPQKe2YkttrGetodEETRUHfFY6ddFNvdKItGKrI5e8
epO2pyd4HMCzEBd0hiFWveOQSAckRg/Wep1jpBWYSystG50pTkaqswHdIYnkfcpJ
aEjvYvKCpN4j0heVJo1X9JhY8u9Y1LZxz6ew1ncCbTkzGITldN4nDulkK3GLz7XR
xgCdp5gyVnvFxfguo397OcatSkcVLk8pxR0H9cN81Dsy1lqfluKClYpLBM6EKLL/
Xsf4Pckl7grtakibLlo7oqCpqkywhFxHUvMVs3PFhOZ4dkUN3boy6fFfSFW5Anjr
bMiF/d11Z7R6lHB/3D5uNasrGfp/UhsPAGW0xJJucvXrNBOvFB+0BRiRR1d/AN8n
9bi3IR3HzrKd6bamGkV56axd3V3qJijYyrP7eK7HE/tNu5R6ualeiRTvzCJ/DG9h
PhRRrJkbHLccI9glpZkzOracGALTND/D7ycViTShMVET8ozrIjYpgLglssGGs8t5
Y1jWUOevmshkKUR7GEAmKxMmGXW5qJZVWrU7mhtLf2IfdQn6qIO6mD9Q6kxlTiTV
KoyfMlufR1CFGPvR/TbGoyT9mbaMvg0BVsEi28cry/B/i1CPsnc1LOleMi8apUhT
hbXVr5VhAwI02s05IBKhLx8thhc1jmrNxDmzr8Dp831sh+PXuMYLjc0bjunnqUkQ
M17Yr+fqiUgToFTrVQOHgRDdJlVIHsGh5qbGStFmGH9W9HDtVBC4+FiIUgcJLgz+
PQqB08i3VFJ6EnM7iVRtCk7l3CyxvLRE63GG0mR2JZc9U15y3sW9Jf/r5OUBzN3i
ZohoJNAIkLF99ziC1p74nfFU0Ft2VHTQ/AhFG2fR8vo2Jtw61JvWLZt34Nvo5my7
dIS4rC39IiYa/EwtlclMlzb3vCxSfhGjwhdhsHvpjJRDD0c55iabOzyu92RzVaya
KebyQqrOtISXqD3t1Zfb6xmDLIG2puJhQTPQzu0ljuZWJaFlaedpqozCpX4hxMs9
XtsD1y6aKg7ip9tzanDKU2Km5GyCkIWySGJizv/lW9CprOTQUOtURDFtcawKzvzL
BYS56VmVe8fsjhWgN0pz1fG5HwCiEAqEnvS1E6x6ybXJlduzfm7Z9tvRsqkfvKhA
uLA0lmPmbCmB3XcNmct0nSGrzBsIDbm7urkeqBp382czydobgFGPi8TGrPwIiQlv
PduOSfxR5HCtqCPwRuOo5nffcBi3FZyvbyVT1ONWpAUF3MqirzjRgF4fqSefxOO7
IpEkHSN3KePffHGUwFcCoqhHkBiLuKFeY4Gn054yDMR7fKDq1q3oUXjwWojhS1WA
DRMbw3OfP9QTXo7IX/O5RFkkFb9iidicyUPFbJRCjX49Ov5BaPUu6INtyXUBXa1p
0Whrx8zgyMa2xHSjGuCvw+DFZq0otYWcehOMcdFZl3vkl+7Kiin/asONXcWrsKmU
Xd5ic8qLbSyi4Eky+miBX9EefcYo8ujhBJQZDVrsDI/exkMZtsnqpBfHXjs4sgge
BChGr+3mqaqn2K26VcvEFi29ig85TSSM/7rl7Xx8z54VutsFvbTSp/fe6VgGeQea
Wu/DMigF1cxNGQ9FK1WA6LMuI7bL72JDYMjUuyo+mUJb8AL0Vax66cxha4PLUeK6
OiHF9u75TnjARIDERKa6TduMc37DnQtwDnQPzAdJntfXBI4NV1CP4HKiCfrlIgry
gdz6qao1QFlr4j6GEVaHkj3TSO5qY86V0sk4E4GTn3J0IM4onh30fm4JNPvRBIiV
BChGr+3mqaqn2K26VcvEFi29ig85TSSM/7rl7Xx8z56Q9WGUe2HP/gIEIU1Qh+D2
Wu/DMigF1cxNGQ9FK1WA6M7EX0SKFpozjN9SWBlBPk6CTcUj1epcuLnNVp3Ye80a
hH4fuo8UhEqCjnn5pab2Ah1VGNMNHNV3HSSQOpxm75oS7MAGVv8paClrxPhIBEAE
MzHI+0Z2MD0y44Uls5C9l8Dqly5GRHcMp99Iqo2Myfx15vr6kkyg2YV3PblBLsz+
uHeksxnqogEvbzdoibGTrG/rq2Oc4kuZiufCNf5g8Hjql8vWCcRB/FBCbZLrT1c0
FEmryjp1ecz1cpQNvGOxmAJVnTd4fvwRZL2SCQtd+bWTQAAXxrTReIhGpt1l5Dd6
psH6uT97HJYTU+QtbAYZF+HiGAUt4QHzu4cea0srLYmwTbAUW8K8UKygTe0J6ZLU
yv87OkRSpDF/MD4fQwRpLS2o+Kyh0eXGNni6LxyL1RO4d6SzGeqiAS9vN2iJsZOs
AKXNp9FyeAy9pFBcLWkf9OqXy9YJxEH8UEJtkutPVzQdRcu6ikFVUB/hb/sBSayW
tBQ7yGffkva0HLTRkjVtAXYHurITjVB+OBycgUoPs/2GOcd+JYrorMtP+JAKD70T
qIc3cXmd0ftkqFwoNdtALYmOR5isIxL8OTbkZ5xYbcOvy8FtmOv2CGkJvA3+z6Ji
K1sP/SmwcA996d8OU9bTGzyN0JHUT2NlLwiIS9BnCICQhRf7OS/E+zlFQhXN3FVi
FAJw132IZFZIu3N0A3zGt8vtaa1riQXBxc3rQE5sc4FQyEBQwU4rjbqrAqjHCba6
0Whrx8zgyMa2xHSjGuCvw+DFZq0otYWcehOMcdFZl3vkl+7Kiin/asONXcWrsKmU
Xd5ic8qLbSyi4Eky+miBX9jaq0X0vwo9s37OtCVTJkbuEwbdsw2ljD2tlVDtTucS
ElCEdv4zAlRAxta2qPWCkTM4u8mZnTwDC0yNHLbcEo9W0EqSuB4PmnAayYEYTurF
qknOhRgl6oDjjwYNXo55uB1PQxJJr0sEV42xWgOtqcqrs+gb0lo/qur8pp4UPo56
ihAgdfgrVIIUqubhGmg/xue/4LHa7DnNo7hXRSukw4oCQoGcUCjeTxsY5QAy9biH
8R2Ye+HLvpW0ixcY/+sVOrOfMVfjyLN0EDTSuDgl+w+zrqzaap+SfIsJ3jvnfqr1
Sda+Xtt5nl6IhLgTKx+KqLQNNKB9cXn0sHZgXwyjZj7TEOsk4C3cd7z+ziTi7mWv
KGqM1v0GQUdCG7CGYOIloIXgwWvozFeNcE9qDalRpaF/i1CPsnc1LOleMi8apUhT
7C1RNgWx5i3dRUOCHYVztAZ0vGouqVC46UcCLRTOQVL3qLMDrG9G8+ZaUMWJBs+U
wvnTx9Oo2FSwuD2idWageM+WeIlQ3Ajj+FljJBEjRmhDctTDSnMwU2QlcbEyYnvN
tJxH9KASo5STSEBN4O0tYB/1QUSQJopwbTjxBxQBBqjW/tRIzI7T2Cr+WpXv5q7m
Wo7ZiuGMPpooJwAcWWRNp6FnePTyoV7AeMP6BKKS1fWKECB1+CtUghSq5uEaaD/G
57/gsdrsOc2juFdFK6TDigJCgZxQKN5PGxjlADL1uIfxHZh74cu+lbSLFxj/6xU6
igGVK8QRfYzhAW1/LiZoG/GDIrPUrN71/E2t95ZWL0kPtZL5Ka8tCcEvaGeh68w6
WjOqgnnHKu+s7DgsnV//O2TdoJFpk1VqLa68cvQrc/pSe2uhjYUVClK8t72Z1qhv
l1CDbBSNNP9bG8BCi5l7NgJVnTd4fvwRZL2SCQtd+bWTQAAXxrTReIhGpt1l5Dd6
psH6uT97HJYTU+QtbAYZF+HiGAUt4QHzu4cea0srLYmwTbAUW8K8UKygTe0J6ZLU
ARJBNjXOAdXwJKK7xFHgd0q2yM85I3E0aCnSRrO8wRS0nEf0oBKjlJNIQE3g7S1g
H/VBRJAminBtOPEHFAEGqFLQVS17cGySa7tyTesEZIMwda1sDYbO5KOehEMB4YUM
PfoNRcnlHkhj/clir/P8AAR95100XUTd3jgyWZXVjiyMFtbNIQ6s4SEpkZS04E5D
Y7Ml0OSeRwo/9Kir5acSY+Y2lFn//AyhS6/c6wERJV4pFDAS3rWTX1s0rtoMWHcx
3RBzHf+30XZ1jGxgmt9Dn7h3pLMZ6qIBL283aImxk6xQ3tgqinEupATWCfedEXNg
6pfL1gnEQfxQQm2S609XNDEnlk/ocgBizGUrctjygOGp+D79f0cdE4IGb7idz+HB
nslAuUxSngQz4oaMxPEHEf6jvwPvdEeb1MeR6wohkHvCstvqUydDbmQwfnzuRTC+
QI54nvyUnF82QRr2jIkT/mILhM6y8014MVINBnhynK08jdCR1E9jZS8IiEvQZwiA
kIUX+zkvxPs5RUIVzdxVYj8ZS8qi0U5ANoeG+xmeqCTX+FScUkAz2xvHMS6fZaBq
UJ9cV11R0TEfTrr7/dcQv5Mcs239FUYoBxlOuhuLuGhWkonuRxiWakT2mLbKeNl/
t9DLVz+UE6To6PkjxFRhxVP9j/lgd0CkpJmMJ30oC8dZ+/pMbZ3lj+tDI0E/1HVZ
kdYKAEcRWdTnz3kAqu3ewbScR/SgEqOUk0hATeDtLWAf9UFEkCaKcG048QcUAQao
tn+jD4TRsuICHOlKlQq8GQS0FaZc86yMkX7Yg61H+6JQn1xXXVHRMR9Ouvv91xC/
kxyzbf0VRigHGU66G4u4aFaSie5HGJZqRPaYtsp42X+30MtXP5QTpOjo+SPEVGHF
U/2P+WB3QKSkmYwnfSgLx1n7+kxtneWP60MjQT/UdVmbPINujwbOiuxE5rXWzAKT
PI3QkdRPY2UvCIhL0GcIgJCFF/s5L8T7OUVCFc3cVWImMtYSgWfnF77zXbDIN15y
5GTfIXodpW39qVlY88mFA2hr399brjA43/AjY/Qf3V90hLisLf0iJhr8TC2VyUyX
X791xP7BINlmGLAjVsUTB/0qDRPnVW9D+l3q8dViTeeu0EUz2KfHzWopPMAevDZZ
xUs0cBB2RTi+0urIVUcphZWbG7BxKB1k+kcx9ojY7Fy0nEf0oBKjlJNIQE3g7S1g
H/VBRJAminBtOPEHFAEGqPO5EbpNhqmQbU0sv9DM37rrH74Y4wTdM/TLP8eWvrIU
AlWdN3h+/BFkvZIJC135tZNAABfGtNF4iEam3WXkN3qmwfq5P3sclhNT5C1sBhkX
4eIYBS3hAfO7hx5rSystibBNsBRbwrxQrKBN7QnpktREYN8RNkCJOoAw0qZ9Woqj
ucVnt71VSyoArUpZWbbBfFozqoJ5xyrvrOw4LJ1f/zsIV8OcQU7yqXqghHufmJOS
UntroY2FFQpSvLe9mdaobzxVQLRP6jizTY+4GSbzPvsbFKjyPz+OoKOM2pgMe13h
1HVXP8jUu8EuS8My5cBCfse1Y3aWZeuK/OsJyMqP29aez4eyaLve5vW0o+IGFmrt
uDPHuRQ7pihfmjWlCQEMmusbfn+fKNQfGlm/S53z/y9OESwA82seTT7Y8Gs9+EKa
uHeksxnqogEvbzdoibGTrEB4HcsgKS+BsnrWNhx2cwXql8vWCcRB/FBCbZLrT1c0
vRDsah9rlJDekbK6Q7PfpRsUqPI/P46go4zamAx7XeHUdVc/yNS7wS5LwzLlwEJ+
x7VjdpZl64r86wnIyo/b1p7Ph7Jou97m9bSj4gYWau2AN0RyTTvYbl2HZZjlNgvl
cpcOkQcRcuU9ilWi0Fb6prctXcL5NU/83N/wvTzCoS8Hhm9XLybgYx7fn6heEfCr
8RIGn26Ecl1ufunMYi0PgYjVGuE6tBalty/8HVo011XXMsmU7NfKr5XtShqILs0e
gk3FI9XqXLi5zVad2HvNGoR+H7qPFIRKgo55+aWm9gIdVRjTDRzVdx0kkDqcZu+a
EuzABlb/KWgpa8T4SARABEeGtGbuY95X3F0yFHEjF5yN2cAYuAVoHFsoeXMxANqq
o7h87ySpYruqgKacqEdwebScR/SgEqOUk0hATeDtLWAf9UFEkCaKcG048QcUAQao
ALvXupTU/fQMiuWudneB9lwcX+JbLrLErAY721PwxhgqocNyHa4wOGOLGrjn3bG5
kxyzbf0VRigHGU66G4u4aFaSie5HGJZqRPaYtsp42X+30MtXP5QTpOjo+SPEVGHF
U/2P+WB3QKSkmYwnfSgLx6QTtmwgPb/CdacJNGtvY+05t4Sq388FTbcomdkrw82l
tJxH9KASo5STSEBN4O0tYB/1QUSQJopwbTjxBxQBBqhLRz7Og448p5V97eAzIpXs
JoSbK5s57AuP7BqfcAJc01CfXFddUdExH066+/3XEL+THLNt/RVGKAcZTrobi7ho
VpKJ7kcYlmpE9pi2ynjZf7fQy1c/lBOk6Oj5I8RUYcVT/Y/5YHdApKSZjCd9KAvH
Wfv6TG2d5Y/rQyNBP9R1Waot9yhtnzoIUU/HU48KSo48jdCR1E9jZS8IiEvQZwiA
kIUX+zkvxPs5RUIVzdxVYkLpDp4461yzHIl5um8wZHm99908TtUNpx2ardmE1TvO
aGvf31uuMDjf8CNj9B/dX3SEuKwt/SImGvxMLZXJTJdfv3XE/sEg2WYYsCNWxRMH
/SoNE+dVb0P6Xerx1WJN567QRTPYp8fNaik8wB68NlnFSzRwEHZFOL7S6shVRymF
YaV5DcZtDxc+hBaAXpS0erScR/SgEqOUk0hATeDtLWAf9UFEkCaKcG048QcUAQao
X/khG4COeBxAGQBJB7tS0OzSTnSc5qna3M5CbUIGKB5B2nllshpiJpJEiTzTZeTX
2h18EvT2eZ8yxPnSNelcC0OpZ6CGUaiEIZtWL8A3HDdHzhxAE/1i8rJPN+YPIopI
+2/+12dHY7fQ+VOvqiVpEyzCl8oF4wpSfcrs+J3MKO8tI7YmLjQq9+P9AuiGr1bZ
+ssb5KFPGIv83wtf776Blrh3pLMZ6qIBL283aImxk6xge8sHeDC0RMd6IoHkL7pm
6pfL1gnEQfxQQm2S609XNA4Q9R+UFAhv+Fw+I6yGzFFDblgIz944qTFwKIuAqxA3
dge6shONUH44HJyBSg+z/YY5x34liuisy0/4kAoPvROohzdxeZ3R+2SoXCg120At
iY5HmKwjEvw5NuRnnFhtw2RAW4AFfjJb4RURJE58v0MAMNQ8IkNguFPYoxWFxdHo
PI3QkdRPY2UvCIhL0GcIgJCFF/s5L8T7OUVCFc3cVWLWosEQNbJJ2VFBXnD3n6t9
ruVEnHJXYId+qgXrW4JsXoE7Sll7EuUii0qXXNiVG1ap+D79f0cdE4IGb7idz+HB
nslAuUxSngQz4oaMxPEHEf6jvwPvdEeb1MeR6wohkHvCstvqUydDbmQwfnzuRTC+
znHj4uQb/FMf8+Ci1+4GwLX62TJh3aZGZuYOF4yS82zv/v82AdzQL5b4O6fhSHwL
C5CpDGT00QFWY+8VL9++hhGnrMOXjfGtCpEPtofjkG/m15G+mLMvsVCHQGC2CSli
v2ienKMb02E7NG+hOyNDmJNk+L/+lvd/AxwL8UgnIY7aHXwS9PZ5nzLE+dI16VwL
Q6lnoIZRqIQhm1YvwDccN0fOHEAT/WLysk835g8iikj7b/7XZ0djt9D5U6+qJWkT
smd6J+XEWj6fnLOKMtkfpeteazQXOZhqYeXsE6ovEYm3LV3C+TVP/Nzf8L08wqEv
B4ZvVy8m4GMe35+oXhHwqx19vlJkfCAoRrnC2QieK1UvcKiwcBFRC3kLdhvnp5sq
fvBgB3hprYPIjXOPoj44M4sCgp0eIR60vA21TKP41vMmW6zycSHiImRjehxlviiV
8Qggo0Y8xM41qwcfEzf3C05o3P/pVFuaIlO1K5LDibC75Z4dxC9Rnz5bWtoNF38Z
tJA5GRFYUOODqecLdxJ9uIB1tWZ8Sj53+f7ITq6HcSwEKEav7eapqqfYrbpVy8QW
Lb2KDzlNJIz/uuXtfHzPnm9JPjYLifnFa+xSuo8QCXQneJ9XUH97eieZQkHBmCGK
mY0HAIZMiKa0E2+c7svzz3SEuKwt/SImGvxMLZXJTJdfv3XE/sEg2WYYsCNWxRMH
/SoNE+dVb0P6Xerx1WJN567QRTPYp8fNaik8wB68NlloTXSa0v2vXTFULr/hN8uN
Oo+GQVY1lTdIHvseUMSDpQuQqQxk9NEBVmPvFS/fvoYRp6zDl43xrQqRD7aH45Bv
SoMK4HeOs0Sc6y1+NtHjEp6xrhExZh0GxoXM7WOpjVRb8AL0Vax66cxha4PLUeK6
OiHF9u75TnjARIDERKa6TduMc37DnQtwDnQPzAdJntfXBI4NV1CP4HKiCfrlIgry
EJ7AJgSzS8jArKdh0fHP0VgMFyNulxC3bdw+AfVouyIEKEav7eapqqfYrbpVy8QW
Lb2KDzlNJIz/uuXtfHzPnihMh2x+WWvTQ72MGmcBXHBh4L9kUWydkiX9NcTMSKF1
qoG5X584aZTCsfV4bWMcZYoQIHX4K1SCFKrm4RpoP8bnv+Cx2uw5zaO4V0UrpMOK
AkKBnFAo3k8bGOUAMvW4h/EdmHvhy76VtIsXGP/rFTqznzFX48izdBA00rg4JfsP
PPkuzXgfPh69AORByquCSAuQqQxk9NEBVmPvFS/fvoYRp6zDl43xrQqRD7aH45Bv
NpfYadZGj7c2MCS7p1kVCK55fITC5Jggjgf4CCoaUNWLO+Lo9ryVLP/KzF29Z5NZ
0Whrx8zgyMa2xHSjGuCvw+DFZq0otYWcehOMcdFZl3vkl+7Kiin/asONXcWrsKmU
Xd5ic8qLbSyi4Eky+miBX+glq5csnioxVyM4wInnGV6EtKGzqpFpt0Werdbsu4wG
YIu4/+6WED9/y/3Ejy5OmguQqQxk9NEBVmPvFS/fvoYRp6zDl43xrQqRD7aH45Bv
RF6zXPXZY8ezJVRBs0B55q55fITC5Jggjgf4CCoaUNVC6NNx0pwxwVnNpf1U/G2E
IavMGwgNubu6uR6oGnfzZzPJ2huAUY+LxMas/AiJCW89245J/FHkcK2oI/BG46jm
d99wGLcVnK9vJVPU41akBQrl1R71rgFLZVT/sZ2cqBy8UkzhquD4zlT6MC0GLYW8
m5mjOfWOzmxCJwlte/+Ij3t8oOrWrehRePBaiOFLVYAaOOyPPbjHbBhTzvJplULo
WSQVv2KJ2JzJQ8VslEKNfnqX4+8be4LH3j9wpTzDLc1Qn1xXXVHRMR9Ouvv91xC/
kxyzbf0VRigHGU66G4u4aFaSie5HGJZqRPaYtsp42X+30MtXP5QTpOjo+SPEVGHF
U/2P+WB3QKSkmYwnfSgLx1n7+kxtneWP60MjQT/UdVm+vPv+x3FZbgQa2fZByJB6
qEeQGIu4oV5jgafTnjIMxHt8oOrWrehRePBaiOFLVYAc8TYsMIPD3YGxm07vdzfy
WSQVv2KJ2JzJQ8VslEKNfqNMxIN3NvzRntWjuD+LvpoCVZ03eH78EWS9kgkLXfm1
k0AAF8a00XiIRqbdZeQ3eqbB+rk/exyWE1PkLWwGGRfh4hgFLeEB87uHHmtLKy2J
sE2wFFvCvFCsoE3tCemS1IEVFJjn4NkW2f/exGHlux3TKb370+6J6BXlaT10E8/W
C5CpDGT00QFWY+8VL9++hhGnrMOXjfGtCpEPtofjkG/+Hb0gikchSPxisWAvrHhg
rnl8hMLkmCCOB/gIKhpQ1R1FOCVhg3571AFdhc4pvleWnX6IG/XDUr3KnnuYv2yt
VS7eGitTi+yNaXvKzgwzlQqerspctM/+kTD1i/95ah3cvXwsJ4uRThJDWfrSOdMa
JslLODQTt98iMjfSRXXE3jRmrkO7FrfRMENvgvA43lY8jdCR1E9jZS8IiEvQZwiA
kIUX+zkvxPs5RUIVzdxVYgrZvE2Y5TUfVjyb3P4ZapsazAL1y+CnvrihTzITayq3
Pu7c4GeLoy3FX88CfMS0RIJNxSPV6ly4uc1Wndh7zRqEfh+6jxSESoKOefmlpvYC
HVUY0w0c1XcdJJA6nGbvmhLswAZW/yloKWvE+EgEQARHhrRm7mPeV9xdMhRxIxec
agQ5mf+9ioQOOLghfDnwmRKZ1raCHgkYk47fhfTEmCY8jdCR1E9jZS8IiEvQZwiA
kIUX+zkvxPs5RUIVzdxVYrbKrEyoKl04LGThNdMezLAazAL1y+CnvrihTzITayq3
lzob9XZqcAORwi7oYEOvftFoa8fM4MjGtsR0oxrgr8PgxWatKLWFnHoTjHHRWZd7
5Jfuyoop/2rDjV3Fq7CplF3eYnPKi20souBJMvpogV/RHn3GKPLo4QSUGQ1a7AyP
5vJy3cDPFZ7NVEn752d9ZTEt4LpeI/20M8fZdxiUxzVaM6qCeccq76zsOCydX/87
Iz5tUyBPT0u1VStGz8Nki1J7a6GNhRUKUry3vZnWqG8Va7oIFcW9r9qe/zwTOdaA
PfoNRcnlHkhj/clir/P8AAR95100XUTd3jgyWZXVjiyMFtbNIQ6s4SEpkZS04E5D
Y7Ml0OSeRwo/9Kir5acSY+Y2lFn//AyhS6/c6wERJV5f7qNap7mL9KSai3chqItK
T4+aRPTSYygA7hDds756kguQqQxk9NEBVmPvFS/fvoYRp6zDl43xrQqRD7aH45Bv
uR7MDiUpx3Bik4qKfqZPwDo0zrPtytvNW4qkwIzpziXtvpF3lnrDvOiUNwTOqxK6
dge6shONUH44HJyBSg+z/YY5x34liuisy0/4kAoPvROohzdxeZ3R+2SoXCg120At
iY5HmKwjEvw5NuRnnFhtw+0G8sfqWPOQI2wlJ9Eijaqio7I1z9k7hI9MPhu1C7jy
tJxH9KASo5STSEBN4O0tYCOktlGSgX3XnJvFnFqQRyxNPerz3+kaoWzWS6lcPkwB
4bbS1XPlvyXrdjayFmi2GXYQj+DOE/xaIxwIFPYHUR5b8AL0Vax66cxha4PLUeK6
OiHF9u75TnjARIDERKa6TduMc37DnQtwDnQPzAdJntfXBI4NV1CP4HKiCfrlIgry
gdz6qao1QFlr4j6GEVaHkkspTDknLbVwrcM20/JHMXV2fXjFGJhb+GVMA2cyxd7o
yQQ6ifvpjyOgPnIkjlt6q1ozqoJ5xyrvrOw4LJ1f/zvT2eTg1e1ifONF5cr9LWEh
UntroY2FFQpSvLe9mdaob4qY3V1N6ALSbVYhQ6mYWZ+2glwoRb3l5dj6bHUx0ehH
IavMGwgNubu6uR6oGnfzZzPJ2huAUY+LxMas/AiJCW89245J/FHkcK2oI/BG46jm
d99wGLcVnK9vJVPU41akBQrl1R71rgFLZVT/sZ2cqBzRIOF2F6XCStnFUSmX3Vuo
udgxLS/iKLZaLafculp7hrScR/SgEqOUk0hATeDtLWAjpLZRkoF915ybxZxakEcs
zntGPSrRn0GumhHByujZYhyET9/rWfvfwb6et93u1XUCVZ03eH78EWS9kgkLXfm1
k0AAF8a00XiIRqbdZeQ3eqbB+rk/exyWE1PkLWwGGRfh4hgFLeEB87uHHmtLKy2J
sE2wFFvCvFCsoE3tCemS1GzTD7KekwRg4CRaIUE805DoMX3YcKO8BJeP9h7xWJCg
tJxH9KASo5STSEBN4O0tYCOktlGSgX3XnJvFnFqQRyx0JXimCw4ckHASB5Qi55F5
9hggpXivjhcPzHwSmODHqFvwAvRVrHrpzGFrg8tR4ro6IcX27vlOeMBEgMREprpN
24xzfsOdC3AOdA/MB0me19cEjg1XUI/gcqIJ+uUiCvIQnsAmBLNLyMCsp2HR8c/R
3rozk0iObhIF+c8Q00cDibctXcL5NU/83N/wvTzCoS8Hhm9XLybgYx7fn6heEfCr
+vMSpEtkiCXBjlUppq7YNsKbGh1kVaSH1yRvt0ZDoZZTC8cI2wz64H5cI5qRIWs6
lp1+iBv1w1K9yp57mL9srVUu3horU4vsjWl7ys4MM5UKnq7KXLTP/pEw9Yv/eWod
3L18LCeLkU4SQ1n60jnTGoVgqlCUd/DvPYPwkOWuLioDrdgFHzNDv0Q/zATDmRHP
C5CpDGT00QFWY+8VL9++hhGnrMOXjfGtCpEPtofjkG+FlMkH7jdenfMVTAWTGV/6
kprcP9YA9cZVC2noaE3iSxsUqPI/P46go4zamAx7XeHUdVc/yNS7wS5LwzLlwEJ+
x7VjdpZl64r86wnIyo/b1p7Ph7Jou97m9bSj4gYWau2AN0RyTTvYbl2HZZjlNgvl
gilirzmMPNMYWx1R5bvk0jyN0JHUT2NlLwiIS9BnCICQhRf7OS/E+zlFQhXN3FVi
s46K+0SWQuTMQEXFZ9vgCvmVc/a2FOYvS7hl50aLo0Wl3uzPLgOr+jzuhdZe2Xz+
0Whrx8zgyMa2xHSjGuCvw+DFZq0otYWcehOMcdFZl3vkl+7Kiin/asONXcWrsKmU
Xd5ic8qLbSyi4Eky+miBX+glq5csnioxVyM4wInnGV76i1huExvFwYEBscN3PiLB
xRyOVOptg6Cxldt/INHkQ7ScR/SgEqOUk0hATeDtLWAjpLZRkoF915ybxZxakEcs
jV4ZcTpc+s806Z8sULPy69878Iy2kJJWv5RjPrhGv4z5JOOci4pYi5UZ/0v25fP8
dIS4rC39IiYa/EwtlclMl1+/dcT+wSDZZhiwI1bFEwf9Kg0T51VvQ/pd6vHVYk3n
rtBFM9inx81qKTzAHrw2WcVLNHAQdkU4vtLqyFVHKYXTwsZSCC3ChC7EBeVzTtec
PI3QkdRPY2UvCIhL0GcIgJCFF/s5L8T7OUVCFc3cVWKTkHOKBrmWOeXycRVBz0g1
wl3ndL50l9G6q69KbnorCgvlSFaWqFS+UoEC4L+TCsjaHXwS9PZ5nzLE+dI16VwL
Q6lnoIZRqIQhm1YvwDccN0fOHEAT/WLysk835g8iikj7b/7XZ0djt9D5U6+qJWkT
LMKXygXjClJ9yuz4ncwo77vI1nyPJrYGV056e28fI3GoR5AYi7ihXmOBp9OeMgzE
e3yg6tat6FF48FqI4UtVgGuq5P7ehe5uAtalLycUMXtZJBW/YonYnMlDxWyUQo1+
5yJg235N2DhBRjLlm0NIgqn4Pv1/Rx0TggZvuJ3P4cGeyUC5TFKeBDPihozE8QcR
/qO/A+90R5vUx5HrCiGQe8Ky2+pTJ0NuZDB+fO5FML5Ajnie/JScXzZBGvaMiRP+
u8jWfI8mtgZXTnp7bx8jcbctXcL5NU/83N/wvTzCoS8Hhm9XLybgYx7fn6heEfCr
mbCXl8WMuBXB1GALsS97JUebL/Oml9NkltBD5k3rA+OIMoOjyHFXiHpgI/oM/Riv
W/AC9FWseunMYWuDy1Hiuhl3nC2eIGGCHNN95ZAgv2MS7MAGVv8paClrxPhIBEAE
QE6xTTTTvGLgYJSAhUD0emFQ64tB7mMXiSSWGn9bsWzTtdwCkkCwp5i17TA0rjC6
laTDbBAf8pHRKbO6yT2NanykCK0Ijic8FO0BjX/6JAlCXKSZEsdU+NT2TxdtwHBL
z+xD9sei7FA9ZLUPNQLIbs93Fl8xfQsIM1GfCgr4BL9u7NNCRXy6VfDcK+nuCAvL
bT7HqHueNvT9U29p3vIl7K4Qb+envqEg6wAhwq/12Mshq8wbCA25u7q5Hqgad/Nn
ao75dvBg2EtMl4AMZCPSCh8thhc1jmrNxDmzr8Dp831bGYqw/5rN0VVZefDramW0
NVr1INlp6zJ8Mf2hdgqqE432XMOdwXFO28KyjsQuqlvXb0L0K97ir9gEUYye/Jha
ZwvfL+JoBhNBqchK4DHKfKid36lsXDexWmLfdKH+EN1PWiMPZljOcKDhNYKFcwX3
hWTX/wQIhGZfv9jNdCLY/0DyKaDttYDESaHOqdhY3cR6nMig9P8f4okNyJSlnesp
swlsWtOt47xQTnv6g+mCaHSEuKwt/SImGvxMLZXJTJc297wsUn4Ro8IXYbB76YyU
OYx0OJWmu5jEXfAwqbWGCrMKnUOIuSfocybWR4u1I7rH2OhQfEBAjNw7P+9zJzdg
htNyclMsWG+yrFKvyuGndKgv0oKSNl6Bohm3gWwHEvV09wM8SDESGbYgDd6NO6/L
9JqqUEMOm0TTzrxL3dqlY4R/wKcrVgam5mauzXYJvTqzvE0L80kzlze/UGybLYqO
eD8HziznIl6oXWhI3ACLeRpmWDKDxxXR0H74M0zgk841OsH4r/mCCwpZx3PqncBN
v+VGsfAWnpHknR5whWcoOYJNxSPV6ly4uc1Wndh7zRqEfh+6jxSESoKOefmlpvYC
HVUY0w0c1XcdJJA6nGbvmhLswAZW/yloKWvE+EgEQAS54nSq75pO0KHQrzrAbc0f
QU1dgsGAJHQpZ0HsIpVfWHnAbila/zHzL/tDxqJDtYJQ+kHTsUMh/+QRnD5gDbJK
IjA1FHlKSODNZLKGeXZrQYAxI6I1IZaRSUIb/n75Cv/eo2dRZDX6obC5QyUxuql+
TIs5/N/4OiFhxNwwxLAvO94wBwBWyoSP2bfzsTzEJoQ2Bgy8rexJGXiWcFqehK3u
/jPVtJq0OxdStG3F79/7uIJNxSPV6ly4uc1Wndh7zRqEfh+6jxSESoKOefmlpvYC
HVUY0w0c1XcdJJA6nGbvmhLswAZW/yloKWvE+EgEQAReDE9ecFXoPOJUq50b2erX
G07KuUpd//nyExDkI2MtFc7om/Fv4HSPn3qm+4inFmBOeaY8HeL0J2hygUkxvU4X
DUS/sRImwxjFyG/5WVqYMMnzknnymD/XAZBWmax2DATnGdVwRvx7lrIwhRbKg/D8
OyyIiEY+Xfp20sllQJohjSByEA3t5oNL2E0vpg8P5Z6WnX6IG/XDUr3KnnuYv2yt
VS7eGitTi+yNaXvKzgwzlQqerspctM/+kTD1i/95ah3cvXwsJ4uRThJDWfrSOdMa
hWCqUJR38O89g/CQ5a4uKr8KDlGiXkLbKjuXeMZDIDmSJyeUWevmxq+cHcOsBkfp
a1Ooj2H5YPoYXodBzYQcHjw9akZPWQMLhS3r03pXRbVTAMEG/waMRnwW0xOIX5MR
ZX526TPleP2tjjbJcIu0lj36DUXJ5R5IY/3JYq/z/AAEfeddNF1E3d44MlmV1Y4s
jBbWzSEOrOEhKZGUtOBOQ2OzJdDknkcKP/Soq+WnEmPmNpRZ//wMoUuv3OsBESVe
iDYqV3qgrAAsuN5jUE9VzOHT/OWRYUV0BQXUDt+sHxINRL+xEibDGMXIb/lZWpgw
p+Yrh9JH/JdidGoIeUade0l4vl4975J0fuCo+AqwqnPmLLq1M8HgU4IU3W7DLzZv
DpeSn6OJ+yUZ7jzg2P/8pXYHurITjVB+OBycgUoPs/2GOcd+JYrorMtP+JAKD70T
qIc3cXmd0ftkqFwoNdtALYmOR5isIxL8OTbkZ5xYbcP4yQIgpLYOTqCYPab9PFyp
KIUtWp6br6z6lTPYPIBtrih/wdRzEkKN3m6fEArjiBL3vtgm8JknWJ6/Dg/nGYTL
B0Kdt7yaIkoPwiSj0HU0ykyLOfzf+DohYcTcMMSwLzuWxHMxxeUyWKI6VY14r4cu
+7Ql2dYnrBVW0hedlHQ/8QHfElTs8PaCgRhJpsSyGph/i1CPsnc1LOleMi8apUhT
7C1RNgWx5i3dRUOCHYVztAZ0vGouqVC46UcCLRTOQVL3qLMDrG9G8+ZaUMWJBs+U
k4/n1OW+xDYBvaHtukDN07M1iTRSWG62UK1gEuB8iE7CpkTdcRk/9VXC/3XiH0ND
FnpG9YdK7kitXN+3G7xoQ0nWvl7beZ5eiIS4Eysfiqi0DTSgfXF59LB2YF8Mo2Y+
IJRvkFQqDEC/uYGDAyYurNKzvPmV7ym3JwSPO+DUNLYoxyKs0+Hl+1Slq9iip9v7
ihAgdfgrVIIUqubhGmg/xue/4LHa7DnNo7hXRSukw4oCQoGcUCjeTxsY5QAy9biH
8R2Ye+HLvpW0ixcY/+sVOt4LGsyKGMY2BhrxxUGFV/zBjoB41CtQBe3G7b+2H2dI
KH/B1HMSQo3ebp8QCuOIEprugX3LDcpfYfJlWEMO+HI8jdCR1E9jZS8IiEvQZwiA
kIUX+zkvxPs5RUIVzdxVYhJ5LO1GQBM4oPnJtr2d6b/ui7w6ZWDt/V8c000nM4uv
QOHLNHev8oHOUJHF7pdN6HYHurITjVB+OBycgUoPs/2GOcd+JYrorMtP+JAKD70T
qIc3cXmd0ftkqFwoNdtALYmOR5isIxL8OTbkZ5xYbcMkDolhuEGQ56Ek3fYqsBOf
prTUwwqXc1EkNyJSHKduJ4t6xOczoFok3CtauIgEZ4d66nbJLZLjS7p8RFQ4yoJ0
nvb2MIHSe++0t6mhYd2IQSDRvraWZmG23C0JmKoeRYRDx8KRBSQomTNSzyjjX4BH
3xtseODIAGxoSDClgI/KlVvwAvRVrHrpzGFrg8tR4ro6IcX27vlOeMBEgMREprpN
24xzfsOdC3AOdA/MB0me19cEjg1XUI/gcqIJ+uUiCvKB3PqpqjVAWWviPoYRVoeS
86kXZYgGKEOkYUA1IWM87Jgyq1BkUvnlK9wdaHsI9aQB1GJS5gwtu7u/TPkMooCE
CS6FL0oKyxtQTPFS4tmqGjyN0JHUT2NlLwiIS9BnCICQhRf7OS/E+zlFQhXN3FVi
TsnoRLGf432KnyVjQ6s7hrcVvdJFAtGEF1Q1Er3cGr2o58ylFONtc6MrTfT2gbE8
2h18EvT2eZ8yxPnSNelcC0OpZ6CGUaiEIZtWL8A3HDdHzhxAE/1i8rJPN+YPIopI
+2/+12dHY7fQ+VOvqiVpE1R78Hhp4ChXTWlKMgXLsC9hCdliwM1kPEj3rerKEaDW
hI1ghvvIwmxbyEwjDYYduZqWy+v2IU2dJqGZvAIlsCtJ1r5e23meXoiEuBMrH4qo
tA00oH1xefSwdmBfDKNmPne0+f8OPyRhvMKXI3NP7aLvY5WOdhLXfjnxPn/J//+y
NG+oKmCaaWo34ufROKz5viGrzBsIDbm7urkeqBp382czydobgFGPi8TGrPwIiQlv
PduOSfxR5HCtqCPwRuOo5nffcBi3FZyvbyVT1ONWpAUF3MqirzjRgF4fqSefxOO7
orMsZb4Fo5WKE0I52f05zQ2WLK1xpmO8qMbm/b8HB6e9DhxSyaH75HKv+diE05RT
qEeQGIu4oV5jgafTnjIMxHt8oOrWrehRePBaiOFLVYDctdonKI8jl2LnenX+R5sL
WxqsaguxwjE3RluIYpb0NW0ps2W/Y5RTDs3nL5n4hN2p+D79f0cdE4IGb7idz+HB
nslAuUxSngQz4oaMxPEHEf6jvwPvdEeb1MeR6wohkHvCstvqUydDbmQwfnzuRTC+
QI54nvyUnF82QRr2jIkT/mjC4aT/cnw02ft134EuwVc1zlTytTvbH6e0jg2u7JNi
QxU2WCeNp+vsDGgq3UDsuUnWvl7beZ5eiIS4Eysfiqi0DTSgfXF59LB2YF8Mo2Y+
ploxyn3LaGLBcK8OtfLPoBM4kYb+thb6PpR42FTzkxAvKMoOr2Fqz0zH4CAZDdKr
ihAgdfgrVIIUqubhGmg/xue/4LHa7DnNo7hXRSukw4oCQoGcUCjeTxsY5QAy9biH
8R2Ye+HLvpW0ixcY/+sVOt4LGsyKGMY2BhrxxUGFV/z6dW0ObgrPuQdWLKZirY7V
KH/B1HMSQo3ebp8QCuOIEuaJ1AtiQPbXYzzWzYC6pCA8jdCR1E9jZS8IiEvQZwiA
kIUX+zkvxPs5RUIVzdxVYh9BMgnGxqJsMEU9jiHk45/TRfPj3ujlKNcbXk+ZHwTp
tBQ7yGffkva0HLTRkjVtAXYHurITjVB+OBycgUoPs/2GOcd+JYrorMtP+JAKD70T
qIc3cXmd0ftkqFwoNdtALYmOR5isIxL8OTbkZ5xYbcMkDolhuEGQ56Ek3fYqsBOf
v4LQLmdhkcSooFQ2fshQvmQmQinWbWCIstUfbk4q90W1GVpN7SFZUHCoL8N+fqwf
nvb2MIHSe++0t6mhYd2IQee9XAr/kMg4XaPW8B/IUSw3xwxbGhB8SHq1UbRjVh5P
w6dmmer63jCweYhnu100H1vwAvRVrHrpzGFrg8tR4ro6IcX27vlOeMBEgMREprpN
24xzfsOdC3AOdA/MB0me19cEjg1XUI/gcqIJ+uUiCvKB3PqpqjVAWWviPoYRVoeS
oNpMUrAQSlRtJbnp/htNOiTbMHpavhkPMK7SEKPSsacP3Qm+F843h+okxVs9CALi
4I3Pnx++W6jFow32fwBUcTyN0JHUT2NlLwiIS9BnCICQhRf7OS/E+zlFQhXN3FVi
QJrUvIwQ+4HsFmTP2nzARoJgpbAxqxbk2je3OvfN6Mh6wCbn3/iuPzm34j1XOWrA
2h18EvT2eZ8yxPnSNelcC0OpZ6CGUaiEIZtWL8A3HDdHzhxAE/1i8rJPN+YPIopI
+2/+12dHY7fQ+VOvqiVpE1R78Hhp4ChXTWlKMgXLsC/3e9uclIIOM0XDZSoe3fYA
hI1ghvvIwmxbyEwjDYYduWDJpLyGBFP2K5enTsHFYrpJ1r5e23meXoiEuBMrH4qo
tA00oH1xefSwdmBfDKNmPqzvZmAuY2PcKQqWvKaUmmH+b4Ct+LhqB7buU74xj/Cw
wFE/NiHsduFillhtFiAFbn+LUI+ydzUs6V4yLxqlSFPsLVE2BbHmLd1FQ4IdhXO0
BnS8ai6pULjpRwItFM5BUveoswOsb0bz5lpQxYkGz5QEglmpQ1miy+B4+TzrvLHV
AuTYSxVZB/SxGvmAmmgFhJWgU5UGYF+sLGEJzYvvfxIFngzkecwBoOdAXFiPkRGo
v7ePhZoVq2DmtEZFJ5yDIzvNhhbh3mKYNIXDcWNIiPFG0D/9wrq2XjJ2maakQhJw
rL1N6iqMnzzCUJ15WXubGYNM4vq06gnq9xUUIK7i/2E9+g1FyeUeSGP9yWKv8/wA
BH3nXTRdRN3eODJZldWOLIwW1s0hDqzhISmRlLTgTkNjsyXQ5J5HCj/0qKvlpxJj
5jaUWf/8DKFLr9zrARElXnAeQZLkVZZONZQO4ZTXJpWpoZPtMJQcZNUQtv6Unox5
BZ4M5HnMAaDnQFxYj5ERqExgJiInp0Ss/FOGIAUM/lRrU6iPYflg+hheh0HNhBwe
aEh62cIlCoi71aybal8Hm4NgEzuNvxE4jb1XYT3bjZadbLEezN2vjd87w0mH88gn
qfg+/X9HHROCBm+4nc/hwZ7JQLlMUp4EM+KGjMTxBxH+o78D73RHm9THkesKIZB7
wrLb6lMnQ25kMH587kUwvkCOeJ78lJxfNkEa9oyJE/57JNgKRYGi0r3T3y5rxNq/
wqZE3XEZP/VVwv914h9DQ61OPvc8Xf1Ivp4G9KrhJEwzOLvJmZ08AwtMjRy23BKP
OAM7UhOmxXbr0gxO2M84CCKb6Uc09BX3Ci7huAMax9Ja1zCZbuUei3UMHxPLU+4w
pPBfsQU5em1KJE6L+ycqkZadfogb9cNSvcqee5i/bK1VLt4aK1OL7I1pe8rODDOV
Cp6uyly0z/6RMPWL/3lqHdy9fCwni5FOEkNZ+tI50xrOHR+jqBTIdhmXf7jCXlMD
/fNx/yYm3gGYwUASPF2zUD422dKXXfhYdqABt5Sh7ADmfez3cg/ylYeeyzq6GCVn
oMDlQV7DvxpdwzmjHh/95dX0AX97E55uqbvecB237Bd8CpL9hZjd1XVfDj7uQooj
bknhECZpU9rmrNTAzbbVmQJVnTd4fvwRZL2SCQtd+bWTQAAXxrTReIhGpt1l5Dd6
psH6uT97HJYTU+QtbAYZF+HiGAUt4QHzu4cea0srLYmwTbAUW8K8UKygTe0J6ZLU
J+96EkH/ihidwAAztLnwtyMh+k0zWXOkiPgoIKS6XkH1bL6rEW3xVN7DKPeONV4F
qEeQGIu4oV5jgafTnjIMxHt8oOrWrehRePBaiOFLVYAAD7efaKuCOwwgcL++IXfS
WxqsaguxwjE3RluIYpb0NbqYAFHZViof00tOJzWGJYvaHXwS9PZ5nzLE+dI16VwL
Q6lnoIZRqIQhm1YvwDccN0fOHEAT/WLysk835g8iikj7b/7XZ0djt9D5U6+qJWkT
VHvweGngKFdNaUoyBcuwL90XSqvlExnm9h7tkexaS4x9BYWvpD9zqi09UXCQYx2Y
KFJWKokM8f/xXbYVqsFFMJ729jCB0nvvtLepoWHdiEHHhgwhPcTe4qiEAwH9+grw
Ekqaj/f3P5I282OptQNBy5yMYQSGe58FpcLxuu/9Fptb8AL0Vax66cxha4PLUeK6
OiHF9u75TnjARIDERKa6TduMc37DnQtwDnQPzAdJntfXBI4NV1CP4HKiCfrlIgry
gdz6qao1QFlr4j6GEVaHkqPYubaOseh+rsSR4dyYxbznemRpWaz/xax16tEcMHwe
PjbZ0pdd+Fh2oAG3lKHsAKwRCX+u20QEITqqt3UjJ1w8jdCR1E9jZS8IiEvQZwiA
kIUX+zkvxPs5RUIVzdxVYniAIsCnIO1e0Rx3onxcKLYMGJZYqj+U28aQy5J77d4d
lBjwpq9LsLA1s8NaCW80RdodfBL09nmfMsT50jXpXAtDqWeghlGohCGbVi/ANxw3
R84cQBP9YvKyTzfmDyKKSPtv/tdnR2O30PlTr6olaRNUe/B4aeAoV01pSjIFy7Av
mnbRgA0CoD/sT/GqcLgkcoSNYIb7yMJsW8hMIw2GHbm9Z8V8D2OR+vY2VoykyLQV
Sda+Xtt5nl6IhLgTKx+KqLQNNKB9cXn0sHZgXwyjZj6nw5HTgSYiztdorDY0MV8o
QwFeBKXoigQlfXna1dgp4BkSk2f77Zv3G8vcB9gO0I0hq8wbCA25u7q5Hqgad/Nn
M8naG4BRj4vExqz8CIkJbz3bjkn8UeRwragj8EbjqOZ333AYtxWcr28lU9TjVqQF
ZSdJcPqwqremhzc6t0xWjlg5E2mKRS64WdvJr5DWicXn+GSz31SeAZWR1JvBl1uF
+zH8yJA2lBpIFNopwPuZryNIoZtXyZQ8YjOz3Nybdm07zYYW4d5imDSFw3FjSIjx
T9498sQO7GnIMA8AhKekDKy9TeoqjJ88wlCdeVl7mxkygO5DvICjD+sVnRpyTnnP
PfoNRcnlHkhj/clir/P8AAR95100XUTd3jgyWZXVjiyMFtbNIQ6s4SEpkZS04E5D
Y7Ml0OSeRwo/9Kir5acSY+Y2lFn//AyhS6/c6wERJV7MikMPja3PIx+pGWi1KtCE
j5I26MFry/BTBo2/m37stTX1VkFADZDUsy2L8sIJdhAnQ9wr0L6AtkBm8QZdywkp
DUS/sRImwxjFyG/5WVqYMF995hmQMwGVVU5+6siVeHFiOQfV/WAJQ+kiGTt9Z30H
6MFxxLxooVLaLsmHpONNnD36DUXJ5R5IY/3JYq/z/AAEfeddNF1E3d44MlmV1Y4s
jBbWzSEOrOEhKZGUtOBOQ2OzJdDknkcKP/Soq+WnEmPmNpRZ//wMoUuv3OsBESVe
R6wQScEl5VB/PO/J6rkUjZ+DBOHpX4CNNW5rjqYYZB9zKyu6amvxx0BrMOu166DI
dzBO0nNVAi627go/mjqx5kyLOfzf+DohYcTcMMSwLztAGlcm3iAKG/5VSUPplww/
M0+iaTfVyN0AzVVSpKUOknFa4k1YiLvbPSdxYI9lCl/RaGvHzODIxrbEdKMa4K/D
4MVmrSi1hZx6E4xx0VmXe+SX7sqKKf9qw41dxauwqZRd3mJzyottLKLgSTL6aIFf
QUvspXHCrU0x+0/6R1Gj9BbiktYQwnWLGJNncl3kRcv5Nwtv9WhBpt+i0X2AwzdE
4bvt8U84dY8HkVoYnS3wK7ctXcL5NU/83N/wvTzCoS8Hhm9XLybgYx7fn6heEfCr
8eDrO2xfcHBxuAXyX6yLKELhh5R/QNrSzoeROdouG4yX/tP/0ohUpcxAZLK4qEug
0Whrx8zgyMa2xHSjGuCvw+DFZq0otYWcehOMcdFZl3vkl+7Kiin/asONXcWrsKmU
Xd5ic8qLbSyi4Eky+miBX+glq5csnioxVyM4wInnGV5cxWz/r9ASzZtsooCi525E
5XL77VW0VbJlQ/KboH9CuBLQZ1bH+2q2p//k0PJzuO2oR5AYi7ihXmOBp9OeMgzE
e3yg6tat6FF48FqI4UtVgAQNkkzjE6CgkOKzJIEu8VNbGqxqC7HCMTdGW4hilvQ1
v2ldl0tM671+byKr9eapztFoa8fM4MjGtsR0oxrgr8PgxWatKLWFnHoTjHHRWZd7
5Jfuyoop/2rDjV3Fq7CplF3eYnPKi20souBJMvpogV9BS+ylccKtTTH7T/pHUaP0
R+mcvMxs1iFllfH9WhAxKoSNYIb7yMJsW8hMIw2GHbnZ5I0QGzEu5lYSILdpzPg0
C5CpDGT00QFWY+8VL9++hthXRqjUkJJQZiQ43tt1MiF2AwT6lL9b+y/K3U63Seiw
9YKBqQipMxXYkpGfmEULG6Zw3yW/CaY59HqjQIrcag/aHXwS9PZ5nzLE+dI16VwL
H3zmF0kukjwwPmouIDW+XIKPkqeWOPMjDvTbPw6cElCMVwBH6Y+dmp3Q8cR+JyIZ
tmtIsK1jDjeUE59hJ4oCWtyA6HTXGicsU56yQTFCdnXSlWUYBwRu3dBrMHP3BIPy
Dn3VgvsmsduSDk7SRHwz7s6qC9RFXM4piMZAld24yoM43Dp0nyb2iS7Da7Cq4Dky
PRUk68r3HIcKANf1IOs8W+sqXTwtr9AuH+joCn2aUgdXT8Xa1WkT6HeDABlAtNmV
W/AC9FWseunMYWuDy1Hiujohxfbu+U54wESAxESmuk3bjHN+w50LcA50D8wHSZ7X
1wSODVdQj+Byogn65SIK8oHc+qmqNUBZa+I+hhFWh5L8fGtvAaLnfUfFNWoMr4lQ
zx28LM1MnDRjlTsZMLyrzjM4u8mZnTwDC0yNHLbcEo8PJNWSOQeJWu4+BAGJ07L9
wKjNRjymgW5EwzR09+Uu1gwQCepLdvM+cR7i5Q6jfFTjYOgw6FC+wOjMucyIxn58
ihAgdfgrVIIUqubhGmg/xue/4LHa7DnNo7hXRSukw4oCQoGcUCjeTxsY5QAy9biH
8R2Ye+HLvpW0ixcY/+sVOrOfMVfjyLN0EDTSuDgl+w/uEkB7txOKsPHrKpXnfEIC
Sda+Xtt5nl6IhLgTKx+KqDFzqrr9JZdPK7XHjUA4hnxfAQkzDDGaUF0h02po1uqV
M8d/d43gCi1NiA71Ysk7J6FnePTyoV7AeMP6BKKS1fWKECB1+CtUghSq5uEaaD/G
57/gsdrsOc2juFdFK6TDigJCgZxQKN5PGxjlADL1uIfxHZh74cu+lbSLFxj/6xU6
igGVK8QRfYzhAW1/LiZoGwnKNcsXJfKAMBruvT4WHMYHQp23vJoiSg/CJKPQdTTK
TIs5/N/4OiFhxNwwxLAvOxc0UwSMNARBfc3Tj/l1MFCxkwz2G6pWg8JXnXjQtDWN
90wAZ7bHOUYqaNFHXjM5yooQIHX4K1SCFKrm4RpoP8bnv+Cx2uw5zaO4V0UrpMOK
AkKBnFAo3k8bGOUAMvW4h/EdmHvhy76VtIsXGP/rFTqznzFX48izdBA00rg4JfsP
v92yOlHUPphFFJLg+PfMeaDA5UFew78aXcM5ox4f/eVETuBEOPbStbYZos7Tj38f
zie9owpXrrSAz5zEFUnILBXaNqT2TKpz+fvRgg3BRqSZjQcAhkyIprQTb5zuy/PP
dIS4rC39IiYa/EwtlclMl1+/dcT+wSDZZhiwI1bFEwf9Kg0T51VvQ/pd6vHVYk3n
rtBFM9inx81qKTzAHrw2WWhNdJrS/a9dMVQuv+E3y41uVPp7jVoSsTOohGaSMtrq
B0Kdt7yaIkoPwiSj0HU0ykyLOfzf+DohYcTcMMSwLztON7U9BadqL/540xsFHEDQ
m+kkqA+GGqYoRNr1yyDjOtO2w7KqXrLBVp3+NeWY12Ehq8wbCA25u7q5Hqgad/Nn
M8naG4BRj4vExqz8CIkJbz3bjkn8UeRwragj8EbjqOZ333AYtxWcr28lU9TjVqQF
CuXVHvWuAUtlVP+xnZyoHDfO2Rlcp0tl6Zjqp1qA2LpJ1r5e23meXoiEuBMrH4qo
Q7ByL+FAm4jMATSh71cCdFtAmhI0tOe5ydZdfUDr0Y/Kug7kbmY8XJCxzrK08td5
HZASCerMFpUEOJder2GU+yGrzBsIDbm7urkeqBp382dqjvl28GDYS0yXgAxkI9IK
8R2Ye+HLvpW0ixcY/+sVOrOfMVfjyLN0EDTSuDgl+w/NIt0okYVXCXAeS28Yh5Kl
Sda+Xtt5nl6IhLgTKx+KqEOwci/hQJuIzAE0oe9XAnSukRgaPSfKff62QZSXPBvM
yroO5G5mPFyQsc6ytPLXeWd2rdtTc+xzo/8le4Q97QLRaGvHzODIxrbEdKMa4K/D
4MVmrSi1hZx6E4xx0VmXe+SX7sqKKf9qw41dxauwqZRd3mJzyottLKLgSTL6aIFf
6CWrlyyeKjFXIzjAiecZXioQAco8ipWEhA9HUxT9+cWeAVoZH+mB1Oqf29uGMu3k
DUS/sRImwxjFyG/5WVqYMPbfQ/AzlOaXfM7ebpYEiIkPFiO3sphoUpF80dBvv5Tu
Ec09AMnqhNUKWt57Xo6iQ7IUKDBfTJzvnu5M7GR25EN2B7qyE41QfjgcnIFKD7P9
hjnHfiWK6KzLT/iQCg+9E6iHN3F5ndH7ZKhcKDXbQC22PKAsH2W3PAYbwUPbCyDK
avFw5cW5m7izdsWZzk0urCcQLLcwjHX+Wf9ZFsgrynue9vYwgdJ777S3qaFh3YhB
2fKQzUVuN5C7FuVzu+zzwO90KnOYMNy6PRuEgunNwQLFI9IL38YW0sVzcX/WUJma
TTsk6ygeCbBPiyQnMiG+AwxzZkcJsKBZYZxVoXOHsNyCPviZ3Uav5c0g6rL8a8NV
kF2ne6LAiJNl7TiiEjOFRDCWJ2duBqFyTsjaH9HjpWQYy/rmhuYLosuQ+5iYczUm
2zNXtVy7SJoLLB3CX1MJHQd8Vjp10U290oi0Yqsjl7x6k7anJ3gcwLMQF3SGIVa9
DyOWX0NrqcpWXig0xjFTFkBBYXkQw2kYaNh9vixcFQQk6Vu9QSsjtJRG0t+zygPo
9YKBqQipMxXYkpGfmEULG6ILepiFHuX93Stq137vlRpBU6UK+rIDrSyXVa113snf
eN7ZM9JLcDspYSmd1cz4eRuNXOpnHRSJ1BkbTi6ZnYXQoqqSikqJ1ZNUNYoteRG1
TlSiWHrELlPJY3FGjd1qnHCKrx0YarkCU9xQ5qUXwUkpPAC1PuS/umxksMLN0Zek
tYHLSgQVmrzsSEd750oaskO6IZMAOfH6KVneeXWhJLJWW6Y9PA+uhKrtKC+s3Lx/
V4kp+N2XbNSwhGxnXual9fGG9EwKMfpk9h0gaG+gtFV+ZOywU2pWUiqgoyaTF9/M
aBQb1WDdz+rhvv+xyzGoVnITD2qhT3Gk3zuHcvmeQKCBQRAX4hcyRUeUld8b3HVM
8gcJWXKOB/QjyyAw5mgsfTca9Oy5u+K81Xk1N5ZaqZhzf9tOCW3gg9mfLrL00hGq
9yu9GJmMTjw0G+ZvY/5TT95Yro3ab6Q6xyIm25x5KUWo5f5E11uu2BhAAavmqhN2
KJn15VzWIZtimhFpztaPR9shOpKzovr0izg6bGBRWs2O7SVi54EwjzPRPGOcRQ3v
q4jXAV5rdcAVtyjwKdxCHaT2OosnHeLIt3BxUUT4DGqhu8D2z5GNIK2iK60RfRyT
7CsVxiUGgrPsgp+NyF6DhefH+CfrkqkOCegVFjlpwVbLH6F+YXPmlMjeKq+Twq0i
1qumGM/+Gp1MLrAjoicAoLxgJCR2cyClW6jaxSxRkCFjYB89BV4jki5KTZuaITNT
kF2ne6LAiJNl7TiiEjOFRByyrAsOpMf7VBbk9WIwIQBWlIP5va6nHcK9uvD7gNyv
XssTe+1cLNFRXE5jRpXc5sl2mEAYev2T0320uID58JHik2BegYj+8iCAiAmXz83i
MaYKcdtW+YHkSc0ZTrbAEf+t07J21TjBOk+AX92qlL3vxBIYi+U7pU+p+QaO01t+
ABFHhCVyZb3Tykp5ryq9zTVs9VgSjCW/28Tmom6z04kK89M388iVvlwZevTSmZcl
ox+TSsF79bGUTMAJTvg07fbBtN1O8y0b7gxGF3d4b7yQXad7osCIk2XtOKISM4VE
NLFhthNwKeYx8PyXTi9BSPQYUvxMNhZ/FBWP0t91RQa7NV6cshZkuBsF1f1QkKOB
xFSUkxrBmAsEy32+Xh7NWK9+nShTPpDRRuxf5OFvZ+JJP/BglYJFt8YvIyJFAZv0
Y3jYfbSQyWFwHiRqlHch63t2wbCENzdR+MtfB5N/rG/V48kAcScGRYFJU4xEAQ56
g0dJaj1TBRtUfrguo7S6nW7hSnHLkIrDShba7IIoaf8ibw+Jz9mLpw1nLfWw5JwF
N/5bV0DyJtK9VG35mE1IcwpIeTlc9HIfbWWYcw0kiCwudz5lpYmgAJjtRE9mRqKN
doyClGbRJL7QcA48SIubCy/f9+pxD1lyGAPgL2TJTMh9hsodMwenWP/AU52Qp6La
Y1ZLjfHrmYGwO1vcprKpqakS+ZyPynIxD6HcxaYjvUF8BfxRTkLvm3jo0wphoiGM
J/k+n4SlvzRhUgxCvC8N6CztvE3HjWWSUhtDlzYchuA1TEFNeRMavHPEFVsffUoZ
70fgoZ8ao5Y6Q7w09ltA09HgvnrkS2i7RHs8vICzlr33PKCmegVkhV11QWZPj6Mj
Ol9AIEKefuu2fvWI+bOchPltmVcHFAGgd/VF5HOzfpEsVLsPGJRZhIm5gCNpxhUB
v2ienKMb02E7NG+hOyNDmCl0gO1UsSJAJFgL7stXKuTPX5T7/hJ4go5wMIqUSKS2
nkj156J4vfR2lvQHFTR/Nt9OyvSzpqnSZO51aWmrfwT5ieXL2ozZdRiNMzNbmdPJ
s8TD5QGlFiV4ubkVYw2b+ibXZmoSMVSnV1crt+RPGqhJtsOAnTHE9NAITX4zTOPT
g8PKhxRgLv6TmrfdQd7wix3o/5Ex791bYGpddCA0od2zUGpRWU7U7tdeuz2CcYXE
y3qUQ1tI8FDMIk3811xMdbPEw+UBpRYleLm5FWMNm/pfuodKDLpLltOMTRGdJeHI
w2PfQLsYgyJZZk+o2Rp1xm3muAd9AX7qlsnXVKepRlVT+U2cn0OirC09KlcqkeK9
+W2ZVwcUAaB39UXkc7N+ke8C0qtxfKSkPVgVVzZ5Oki0M940KV3ZDN6tXu49KzWY
w5Zg5gEybQ8geyV+qMFU3eGt8wSY0bz361LFTCfL1a3Oe0Y9KtGfQa6aEcHK6Nli
HIRP3+tZ+9/Bvp633e7VdeGt8wSY0bz361LFTCfL1a2kk4QUkZCAs4FeBjuSiboU
P6CW+JZN4SHtShs5Xb+2sVsJB8DCrq+m+MX7uP94xbW2+/mprEaMDA2O0mYezmrZ
oMFbGwXSCoPrQQr9qy3Y96ZI1ow2flTF25yE+VE5NoQcQJpofnTcKkqle4x0LsQ8
Jxl49JI6mEur0PSI6QW+8pINxYDovfTQ0Wh+jNAd2kbxuR8AohAKhJ70tROsesm1
yZXbs35u2fbb0bKpH7yoQMaCUiTpHcDvsaxAScQM2Qj3r1Sa+Q5C+CqW5liB0kWZ
1oSahcFspd0qwkDsO4j2uLDb+9QMBKOaJQuS+ds9MoItlwscM3QLu+FGYYPnZHrO
6pfL1gnEQfxQQm2S609XNHHngnMriWU6xyMCab51U2zZTkxGTpKiVdVyMYXADlcU
0lww939xFZ9timiy69UYZQ4cI+3tMdA9mhwWcqNeM1fueeG4JUp70AgtBrf+2qog
U1u6iBSMBQ2WAaa06Tx+SVJ7a6GNhRUKUry3vZnWqG87DNoMeDi+JH4e38Iu3LxO
QloaRBtKeicWTjUaAHd+7db+1EjMjtPYKv5ale/mruZajtmK4Yw+mignABxZZE2n
7JYRE7FOtay6EnCUbUWfOCk7AnTmx2dSxTohowgU7vj+sWigxnkmppg3A4RIuQCy
QDR2oRebLcDrxrmioJjsJ8sWrBZ4NSpUQYpgjTjFV9ZtV6IjwH69t6hjcNl8Gz/O
pkjWjDZ+VMXbnIT5UTk2hEv2if2RaQy7IEwX6b/x0Rj4joCY+GZEnD0P3ZS73vNo
AAgeJDi+ZuV8/mBV3ykJza6RGBo9J8p9/rZBlJc8G8zKug7kbmY8XJCxzrK08td5
txQFPKyqS0PZxraF54CobxDl6w6WAhVjZ5vb4vcBsQMwVcnXwQa26xBFQnCQ1a3H
oMDlQV7DvxpdwzmjHh/95Wc2il1Pwh3v6LuuN36bshEPhW3BpsmayGdai4FDGHkP
dewxDdB3ni6oLnLiwk2PR45RGnZq80h1ckdfxPeayURWZu7SivnJFSxTBlLm5NE5
KFF57oYaPlidbFmbvOTIfWt9Bx7JlL3WskO/lyhS18JH13+/x7WYqP7YzkUxjmAp
xqcNtV2mRfwr6uzZMzcjB17H+D3JJe4K7WpImy5aO6INwZbK98fsd3qilNHv7Cwr
UtQcN7qYIUY8ahAVp+MrZIWEDV5A+OKchzUcpRX8Xv4wgloL1O5zAgn9otlut0Uf
DGW03kLEe+yX1cfwP6KlvObBYhFqhWglde0akv2hmAhQEedLXIVZQgb7coRVJdSE
/mHiDjpXB6GOY9rFbGZ0vUwHfreN4d0Ah4ukmMhg3Ty0nEf0oBKjlJNIQE3g7S1g
Z7BbBOPFHYPHgOuKuE2ohX6TxETiUKbBEDg3TjCWNjgN9hI0ezAOdm6I9uUp5z87
WKaRV/RIiCzLuw7rQvTIgFZm7tKK+ckVLFMGUubk0TkoUXnuhho+WJ1sWZu85Mh9
y1q6Ao8SVk2yLcjuTFSSsZ8vN6puea+krZeASIf2d6U/HgkNB1QpwyA4PRP2AxeP
4a3zBJjRvPfrUsVMJ8vVrRREUmJ63Y3xQAYbuj86LQgG0xOniO2aS/lwumvA8U2E
li7owDQ0TtrS1ZXFDzulafTpsPeHzByX9wz3YU34mKV/n/EZNewleYn9OOtZ48Et
eeaVAxiDZ8mmsZ6nQqRKR7sSh8jOJGqACxhFtdT+0xFA8img7bWAxEmhzqnYWN3E
epzIoPT/H+KJDciUpZ3rKbus1QWWagfZgXGvW4Ut9YbvykdNTVkpbWpZ9LMzsErE
loSm1xjmu1rlHbSYXM5DQo81f31vJy9SZ/xGjFGeSF3SVwDdAPryRvuD3GjcGifi
Alo1v9diQsLVH4NiqgmzWDyN0JHUT2NlLwiIS9BnCIApWC6hVT1Q/N5HzSTavgGo
78QSGIvlO6VPqfkGjtNbfgARR4QlcmW908pKea8qvc0NvtJPkm2vyv9YdfPZDOL1
AlNh2M35b45Iqt7LXUpMBFEB/hJjvWLmXJd3vuw3Ks8++9LWSZwaB/0y3SJcgXX0
O+bd1IcvEKU3fXEcW+ngEvctyVWxC01vKkO8GVLOjwB8O3lxMXQ6aeL08sjTalVt
lqgMuubouH3VPJygRk5ohbZb9zW+FKe1cgu+LEqGqB+gwOVBXsO/Gl3DOaMeH/3l
ZzaKXU/CHe/ou643fpuyETKRS+OdqNLJaVrgTB/Uq+x0n90x6W/TENIEMRzXPp+Z
CZ/iHMlNYCjU4x3MV1u8eeDUvgaM8SCeIrqkaVspTbZ4ekEe9iu3Xu+6YuW0Vl5Q
tlcqyc42zhrPOLUaUBuinfQCxl5vERa1Lv2rYzef15RihFT7awGXaSn5jtGsTzGs
CYAVgIamsDK7LXj6oAk5FyccTmL8hSeuvU75l/9SN1HtQoq9X6mYKtShPxSv+OUS
rlvQLO/ddnlBXmRlWzLYmesqXTwtr9AuH+joCn2aUgeZ6xR/08XOWBYGn92KjO2K
zWBrHxXWej4f1wZnY70bQYBZwQCbLhLbfoa8480aTrqleu6hcml4UotrMUv/Dcmr
QloaRBtKeicWTjUaAHd+7ZwsMmYmmPwr140aCpsJkrsXrMyJMDFntDRPJyKW/OuY
SbbDgJ0xxPTQCE1+M0zj03Y658IOmBApXXAc0ez2PuBOVsFUrRtZaShLuDTKYH2x
aDhWfNEI57xjIiNlKi1K8h3UUcc0XFismRv/reVZGyNW0B+n6mKWzHLmhjVrF8XO
aDhWfNEI57xjIiNlKi1K8o2hdXuEGh9Crh94QKiuV/NlCOT62lbE5bb4EOSQ+Hbr
+gnBLK4+qZ59OciXG0EBncSmoYUXD7E55Dlr9a0p0sck5xjFd4RbFIh9G3FMklg3
wI0zIa+QPUrM5yOZ4cNMSjCUfUvx+gz2oCGmjyE7Mmf3PKCmegVkhV11QWZPj6Mj
AUIJ8MAqzkZCNRY4NfWwmExxkHBrQH0eqBqGmd6uIUWvOxTycmFTLKqI/gfSbNLG
fmNNmCb6gu5cfcqexQWfi0JaGkQbSnonFk41GgB3fu0d9LDphAmYr5xKg9cYXIS8
Pv1eJo3pyQzMr01gt3smt0JaGkQbSnonFk41GgB3fu2qYeqAJavU2j7LvrwWFObU
fg+ndy2cbHwE8lezQJkAd4zzSjq6PvjHmoX7yxxhEt7O4ZD0YOawrUNWG61CHTsa
YeC/ZFFsnZIl/TXEzEihdbIcumllTI+ptQzbiZZdOf1+mzJq885umz1AFYMMz0jt
UntroY2FFQpSvLe9mdaobz4cgXejAeXUwFmq2sJu9lvDY99AuxiDIllmT6jZGnXG
CQ5O40YU60wLwRD9ByYTL8jcuxAgGblqfev8g8Dpmn41CP8tjEjg9doyRNngLscH
DPf/+mhTUDWsaEFL4ctfjbTkuXSZkPbyrma3YsO2/fsuiLTf25DyjFw+hebCKfm4
JG0q6bOPToXiDLDlrfvWZ6N6I8vflSx8dM1LPfFEkd5hjiw9RrEPAgGb/cCX3XN9
+taMG6eSAed36dhDynK51xZtUjTEjahdh8UmURzfQmtjp1pUsU1s9SaLkzzPLkix
4a3zBJjRvPfrUsVMJ8vVrY7TwgHYRX4zGmfvt51NLr68NHZt6s564dsz/FElH/Ly
Wo7HrccntGiiz6Nj14yeefc8oKZ6BWSFXXVBZk+PoyNdlKBesOaMPZ+2D2wx1h13
w2PfQLsYgyJZZk+o2Rp1xlJfZRUqThT69BWzWGvSzWhbe3vNTRePuyzMh2Rspkio
QloaRBtKeicWTjUaAHd+7f9xTq99yjSDcUF5Cuu5jrcmW8YXrEeSTiwfP0oILnqV
QloaRBtKeicWTjUaAHd+7RPpUaXMnYHrlG/+j4Bf6z1x5UVW6ldtT7mBqT78qJ0Q
GXpYWgfH7GI4B7j9I+BN8Ji5v+0lE3g6mr3usk3A8twPiMpttRMB7Sk3Hv0O6ZXb
CCfRFYdw7QHMhW+kAHP7ny6GplLqJR1GEimkAUEn1MVnERfxGlD87cuYrp0U7q6x
QwkwRm00NnqlfXn6CLjcK395FT7Qb/jrQ1ovSyqQzKK2+/mprEaMDA2O0mYezmrZ
CRAG0iw8zlWA6mXodyJu0EJaGkQbSnonFk41GgB3fu2b2UHaSDZZxg68pFhjc5ix
Wo7ZiuGMPpooJwAcWWRNp5hYO1X1BJ/DrlSK6V4/eNXLVHQpPYa+bPl3UoOh+SL1
6WH0xPNetcMV7ghtomQ/eWg4VnzRCOe8YyIjZSotSvJq+zwep7+6inVuAoWl3EW8
bv6DMMXazyciSZTSfGnLkWg4VnzRCOe8YyIjZSotSvL1TpD25lgP9+st6QoFxT3T
6z+l/bzn0pdf7jzhngGAszMTtC5rRtLfOE7S1yxHmJ0Lpu1uhXmgvdxnKAsL8qa2
kgOpHJBYbX1KqNa3uZ9ijziKmgFTUJ1PjkyEv6wfkx6Dv6KtmY7Cy/CqMK1Qqafd
aO3F+bEP7J9UR0FBVIS5KRijLVhsy+8hmHSh92un0Bn3V8X3V3D5zs2+vhsx02kF
MPibQvBcDRxnYIN4Qmf2ospkxIaNI16Ve0SXrB5P16kHyUzbwl8ez3ZgDeNnJdEk
g9u3fjkIecio2J3Gr1EwbGfChJHyEIAyVv5tnlBp0owBzNjl4qV1V0FYdBO6VsnN
+JWe1QF4E5HAKeXLBTnz1mMS3ws5ojIab/cPZcbXBq0WazeQGi5KhJ0q8I7qLy5j
jjl3HnI2nv61kkDvGXYAgJ5lY53VNrhYvvnHro7SnbJbONPUyyze4PqtGFYLQcZh
ljtZKwuYi7hyVzpab+yFO9pvEqd5963jNQZLiWhlow7JxPLdnWWo3ToySqCJZudY
Q8fCkQUkKJkzUs8o41+AR7WkyGQxM3A/v0UdTOXpsE7jlv4u6Fwok1t7oVqUMqcQ
ljtZKwuYi7hyVzpab+yFO6/mWcZpcllFEpZL9+EYrUGhq5jEzBEQjOwFu39Iag4i
rL1N6iqMnzzCUJ15WXubGQwCyg98m016ga7/IeMn7u8eHQqttTMON35dRorRRsdO
xwYhLMVWEft9Swy+ml7KhKSc6VjxeYZ2ir1+pd0+68XFclQm2rz28LGGRslzZJx3
1ZH2j/Zc8SaaZRhZRz0sgC/cTA87oyXzgvbBVStodhvTvnYf0U/2qJUL3l+7HdLo
eYJ0DMy7iAo7c6cng7HUItNF8+Pe6OUo1xteT5kfBOn3hpBQxGKNXlcNsgtNiboH
tDAG2wlwkQZhsRfqjqLHZxM4kYb+thb6PpR42FTzkxAibzYWs2AhleVgdMw9QRKu
sFM6AkDNyl/EgH4exm1LQoJgpbAxqxbk2je3OvfN6MjgXjVYnNAFLkUzcPmYzMPY
ZYbpt0lMeIzRkM66NcFmSjfHDFsaEHxIerVRtGNWHk+RiZFyOzToyi6ZxHP2kjiu
66Cz5ytuuixQbs/2GDaHRN8GPuJoq8agQuEqC12RB0JmykguVtuvmkF44zInRtfE
Hh0KrbUzDjd+XUaK0UbHTukRv4WIc+qLUm9StBKxmp2dNkTE1FQxrfaeE206cB8c
mCAgsvK5afDjgJeZD3okXivP29nQfoadmXJg/FCyP20Yy0aaOGZTJX0OulXFPKH0
mCAgsvK5afDjgJeZD3okXij7Uwrd38UXgxyx3SssIsrLm23KS242jjAqQ8qjK9Y3
W3RYIEKtYs2iceZoeN1tMEBi6T73STjdXCICl2txzNsM3s3jTFYl/3Zl3sPBxFah
xXJUJtq89vCxhkbJc2Scd8rMwHOlV3ZOokf7GYqS+cvqUF9HmsfOqtdMTBcNloh1
Hh0KrbUzDjd+XUaK0UbHToMvw2PVGeM8kY8Tlcmv3q78ZnMdc5c0m/uR7xxHztI8
KuQFaWWf/AdWUOo7UU4ST5fXF81TKEzu5OQ9idVXNSNDAV4EpeiKBCV9edrV2Cng
92GHQJVxPqQmhXk8Y99qqBd7Vm+o0Jg7ZmVPuP50LqX88wRAOnufE/zDjKJQdF+P
ZacZRvWVHTUSeAsr1ZRtDMDpsmZi/mf2JdUjeVKY+UGDYBM7jb8ROI29V2E9242W
ru/3fwq1XJgKles5t24VC9nwAGHsuvKrvLVludAJEhGsvU3qKoyfPMJQnXlZe5sZ
rS47YNp9Jy1mFu70MfuNc7S4j/npPPjeGoNHv7e9d7isvU3qKoyfPMJQnXlZe5sZ
3h8DmP2DJ2OghDStL/WkLx4dCq21Mw43fl1GitFGx05UQD5ZEsG7cQd2VR7D+xnY
+6kwsZQQyUp/FcXH1yRWLgcmrraaWR2KbacM/9KI/vNXfKt39zqAAWCYmW14Q0pB
vMDbIESuzRODuoYEI4RYXmA+XjlCa2JxKCULv8wU00nkqJ4UPSoJvZXUHkBm/SpR
pkrUsRquoZLhU/YDtqxb1YoNj637g8a+eNf4xqsQZM5bQczPl+ZHRa8A87/GKbRm
aUmdgFnnajRM9Q+OZcjpDQ7KFvoP4ERDLrK4TkqeM2qje7tAtpkEVdIs6IXjSs4q
Bw74jT9G7MnNoe26N8+iaR91Cfqog7qYP1DqTGVOJNUqjJ8yW59HUIUY+9H9Nsaj
rcs40ipU4OjaRi0jwP5KO0lDJR8gIbu5Nc2AJjk4T8i8d6rSIj0ngX4hmJxfXTy0
KkF507uttOQ0qhdMMcXvoIg+XbQ66864ljMeEowRGUlWyR+5xWwJdG3qwcYGgzF1
+akejF8d9iH7R3/YGfF9WnCUy0msSs/yWHWADDBST9RoCnkTEP0SnbbQ67itAjmL
S2I+pbnHjqABPkCzY4snElcrJqpGhfNoOG8xaMLPUai9iioz9cn11Z828pX72pL0
DIyg7wdS9bHmFrvtCXohABAN5Gri3aV2qHD546sEXT5SO1lp12/iNYsZlmIcStJw
loTIflmvRqGg87jhJ65CirtJAph+15IPno9MHFbcMJq7t50GuCAhSVOq6M61fCt7
4xorQvHguTpfynqapEdDr5fvzJ/RgolDuHqdrKYCTwkB4SBRuMqUheVoA05hveuE
SjGy/ososnlETczI7+cYQz2cwMD2ZqKd3eH4O4j+gzGAr+VnDmx5/GiI9/JSaAIP
aJu2EnqYIxHgjdqIiWL/cNgcNwJePNclwMAvrhWtOxADydS5hD301NrDN8CDKMrB
/Phf7aFIYlq2GCeI36NKtIcs3GxtHtFGpVEj9//pZuLAHuj7Rw4IJMk0JmwRCZ9I
A2/xTEz6DEsyG34El9/NmQ/84SoUlm4M9WeY7i9oDeV0nzwX3jjWXPAnVUItdd2u
U54s0sLtX7Y+oui/b01kmuFTH7qRkXlAnWsBh9wE4/r3CEq1ednQ1g3BDAj36Cir
X/8YLRqVJ08xPGTgR4TG6X892OAcZpG8UX45VjTKxa+VJtQXYKXdFL9GEVGEdk+J
rfm4wpesHdvdmkoZc0GWkO8KXMOk0nj3TCYzBnMjTpNUzai3EEhAnw058GM7keEg
ZV6AnZdX71cA+EKK4By5Yc+84O/z8YpULPraQJBb92XwY1vdSHVRUuSbND8m7Iax
H3UJ+qiDupg/UOpMZU4k1cJOiozHnZTxB3NW76uR9Xw3kgJ17l/rpTYGMZfU2RYs
KgNAtA7QZhUDbIYD20aSXzj0W3aJIsU19Hq28anBIKrQ4kDq7pL7Ly0x4wuAwPDG
Zk7ccVEAmwKoq+6GZ5qYj/S6sIuSDXwQKyD/DlN8aCk75t3Uhy8QpTd9cRxb6eAS
YhQaoNJkxeukwjjZ+FOjz3vdBARBuBB6evqK+xMVShpVUDpbhIwc6ZTcNfprA3Dr
TTnuIpwziZgcKi5+mnYmN/FBe2UvKa/2UQt4MSYXRzKeF2sZ/WuZ1xNkZB4dGwuJ
xfqkzMGHa06VFdXPwEbE/rH7gznjlCJmBBj0iQn3nLC+Q1Qi2r99z4cVebKOlc++
aBDxgepvslf5mRs5l6yeKEONJXt7gszUyIVnNa5q807tpgNCpUuk7/equ308DEdG
//oMWXcAZVysqhK7v9r4KISI94GluEFjpXwPTvNw8eEj0b/7rDqYiu3NTT6XorSa
Bgt+XYXGT0rdYKAM5lkKAe82IB0CHVZRdST3kCAi+AxaHJRQeJtwEL0s6bdCivQE
ABFHhCVyZb3Tykp5ryq9zRV0txB/5ZriNIpp5qjNYL4wyAyWZXqDKeBskFXdDYFd
JOmfMUqIiRWSG5j/80oncMm+y8FSxSgdGz6om5L5+fJUyfrA8pqUEucUDzLwOxKy
ZbUw2aXQWzA1Wi/iUtMAlY6X53s2XwJozSYsh5TmAF+Fi+ZZ+6ZjFbnQR2Jt6XvL
66I/v39JHf260cl2FHzTYL8o8jRTxm667NWy7SRtW37T1GSzrrizyaXstmu+G8oy
03Po8vArL4pM15HqR2g5sH9kFyrNHnSqik+eyBIp2o2roWTW0tafnxG/YuNc3BHa
4xorQvHguTpfynqapEdDr5fvzJ/RgolDuHqdrKYCTwkJn+IcyU1gKNTjHcxXW7x5
CQVv4y912vJcZLZXbPStRsrhcim0D+dvRZKMYL/77oLiFO0WqGf4X2RJNYtDuTvK
idTTOC/+76PKMrGZ+73pDa6+XjzRSPcdAAM9vQKya+Ua8hj2T17n9/ByGvnotJ5l
2kQ457rRCDJJfJMVXTlTyIpeTY0zflz9RE03R4lQCkjJdphAGHr9k9N9tLiA+fCR
XjF+JhpmxU3mYUDQax0wvG5sBgHMdWl906Aj/tM4FWig6ep1HtkVWigp6irIbT5u
YEYfNgXRJRZZXcdgmc+plv6MTaC8L5bySDJ8g/ouoqPbITqSs6L69Is4OmxgUVrN
qzNzoXen3Kt5/KGPESX6+lnHfcOZaq6W57VrHFSmlNwpAk61ZVAj7tx0FIj5y9ib
Xp9ADPclelnqYSoU58j8mXFeJdZNDa4mWVioV32QlYYJn+IcyU1gKNTjHcxXW7x5
8595Arsi6jwznskgv92/W9BquYBJjJcQNE98/t5Mk8crkWocPiDtq2sObJFkBnam
TNZaKsQP+/jsnfbkDuuBFxH4w6sMmUpn32ny8uJ+RWswl1Q45qkyytkwT2hcYaMF
d2CSo0vQMDhoIQH4Un66fX43JiSrEdj9fpVluiZU3DFpwTukPl4Tr6ZvoCi+6et0
LTwMttCb81pngHl2c5bDrf/lhN79TzeHptuYc4bXigl0RjvQkG1KF3x3OiFHKNYM
a0o07ZKbbjkiCeOkEgVJcu+f87IWJG6Yx7Jpf37XNvm7BVwbSydB0xfcbsjB/2mk
jv1NqdA2AnWGasOy60BDzYAxGDmQK+/C5sIn364DCRrE56mBPQNRk8vjSNOoNE28
0f5qro9My3d35EbbLOBuO7JYvUqjjOXgqglVzj6+au5pwTukPl4Tr6ZvoCi+6et0
kQupGru/7hYw12FzDNSKzcvtaa1riQXBxc3rQE5sc4GaF/25iE0vpqor5lILff6Z
+K48JOXKB+m5ZJAF4s3E21FfbtBlQsPc/C3s0piA6PMoaozW/QZBR0IbsIZg4iWg
o/dMIiZksH/meOlMW+aq8GnBO6Q+XhOvpm+gKL7p63S8N94QlIBJN6GA9p037+Me
Nxtj4UZyV04vGCx8mFwDlM3dG2s0f9FOm6S8OSeblJT4rjwk5coH6blkkAXizcTb
wFt+Ycfd07QUN/VKace+H4NheFs6MhjzuEK6D7UmUb+fTDHasIFf7a5Gkaz24XJU
KMVIWHrZFmGZqsVE/8lN/nymB3fbjwLUn7Xvp875iLKv93QRYAr8uxs5OAqJQWj+
CcvwHnX4KAx+VaEDL4zXjLxORMA/gZ1biYDmQLlhBRGjBXtWCW8vXgcm5jxzWRzf
bXOFnf6quQLvPHkfYln2SPiuPCTlygfpuWSQBeLNxNs4aluEAcdR2c8//0yKe45g
MauCMQfvxeQRlaXOznusSlU80EcJwzE+9Fv4DnlBBhtrSjTtkptuOSIJ46QSBUly
LeDMLVGZyqJaj9IyUnAAlbogdwBz7+5+0PKMgezYLVCx4q9Ufhtr/13lxA8yusPj
4a3zBJjRvPfrUsVMJ8vVrTuguI4c7yuB1pdYDDzMHkYmhJsrmznsC4/sGp9wAlzT
Zod+HXM/hzA132QseZLt0uRP1qCQQuqZFb7ebUXgbn62+/mprEaMDA2O0mYezmrZ
rcUUvn5jOLH2Q2TbI7Y+g59MMdqwgV/trkaRrPbhclQoxUhYetkWYZmqxUT/yU3+
g8PKhxRgLv6TmrfdQd7wi+/khVuAv34Jb8b93PX80lXyMDZl/tUUirnQ8dfE18J7
a0o07ZKbbjkiCeOkEgVJcg9Sc4wBJelnAvYracVtiBHbgGvmsaR5efmxyuqew84+
4CBGkYJqNzYdF6yO1SotWRKrePvneX/cLwUyr09AQrtZJBW/YonYnMlDxWyUQo1+
pCP6w804HYUoiY73lo1hPmaHfh1zP4cwNd9kLHmS7dLBcrZCdBCfpQmduqRjLD/A
tvv5qaxGjAwNjtJmHs5q2dGK8nt8CMUig63emZCHVo4G8PSGqtBtuXHXRJJ6u4VP
4a3zBJjRvPfrUsVMJ8vVrab7xARPj+xxyC5Mc75UGE6DQkhtFVJbGsnsmksgNN28
hmk7FKWjwH6Inod+ufLw9NY3mRGv8Vt0lDtzRYQuviaKNoZOC8t5tVUtW9xZUOIT
DNxxifHAufa8nZJTbIASvjHgo/033Uk3otQpiRvSwSFrSjTtkptuOSIJ46QSBUly
330FsTI8V7kXrBYdv1erhrswXbya+xWQ0RZ+ctkPRm9kmyrSCcm+Qlg0LIL11/7d
4CBGkYJqNzYdF6yO1SotWZRRJiAs5qxG9AoraAK2O5RZJBW/YonYnMlDxWyUQo1+
hI9iBEbY26xET77m71qvZ/iuPCTlygfpuWSQBeLNxNtOalrTeQTr+hC0KbMUIS1W
cRnLznJhMfIwsQCSnFbYImaHfh1zP4cwNd9kLHmS7dIZrBIvYLH6V6AratrNwljn
tvv5qaxGjAwNjtJmHs5q2aDBWxsF0gqD60EK/ast2PfBkoiRj2VTEgxAI9QpDFbB
QQpe5xgBydh4Y28LhZ53meqXy9YJxEH8UEJtkutPVzRl/FtnxR0fRxL0esKDYrMY
oMqWMo53ALYunFhX3ulp/c+5a5OKByFd83jrpuIKp4LfBj7iaKvGoELhKgtdkQdC
ZpJGOP+BKktcaRdebHKkKKD6YauMXfZv88N2TDzwgsdIADBzVpzLPNtKvBL6lOMM
g2ATO42/ETiNvVdhPduNltlSidoPFmriKZ46uZP+k8LU9casDyrYzH/z/f73NHSz
LyGg0m7of2wJE9zHPETq+Pu0JdnWJ6wVVtIXnZR0P/GK1jDfmZDyX7FyTzALXzM+
1PXGrA8q2Mx/8/3+9zR0s2nB7EW/wZcipWLVgfFIwVib6SSoD4YapihE2vXLIOM6
MhIKKwyIHm2DqGuPAShBn/iuPCTlygfpuWSQBeLNxNup92Nox9c7g3hFg/Opn9Hm
72OVjnYS13458T5/yf//sp6O1dKQlO2jEH7a1epNTPwoavw0citeQAkvmL9OlXrV
ZIH65BKri/guazVVidmD9eXJEbckRawnnEE6hF709oGfTDHasIFf7a5Gkaz24XJU
nASTrkEsA/I2qvfOOslJzvc71LdJ8rKIXTSfvQhGkG871qaDQRzRmT5OneMSltRY
n0wx2rCBX+2uRpGs9uFyVJwEk65BLAPyNqr3zjrJSc5JeL5ePe+SdH7gqPgKsKpz
Cpp7FWlxptC9hYLH9bz4vcGSiJGPZVMSDEAj1CkMVsHJDZ8jppxQVRh7I/2hzpK/
lMGeXbouDpEUyzox8ljKiKUR4Lg4teVALKNFOWXCfkcJy/AedfgoDH5VoQMvjNeM
EmcbtiG2fw9LcoMs6GsP8fzzBEA6e58T/MOMolB0X4+zQrLhHpo5Hav5TcxlIEnh
CcvwHnX4KAx+VaEDL4zXjMte5ddRod+pwWKWajXYU9L88wRAOnufE/zDjKJQdF+P
Tcw2VpsIkjn2j+F5Uysatytgb+0sbBq4s8QNTDV5s1mZXHsvIAx/d1R9H9iM9E1i
xmFyAwE5seZR8z6NFsRTjUsUp0h+oPRQTnBTRiUaWRZyAk+Zr8l9XqEtc7XbkKj3
oXAumZjt96y7EJaC+phMzHRFYXyx1RwTdYv/qqxYxFGfTDHasIFf7a5Gkaz24XJU
nASTrkEsA/I2qvfOOslJzkVdA6V3n/ZLJh0D5vqhadza/iBnjFoODduWFzohmOTe
oMqWMo53ALYunFhX3ulp/Tw3HyJFvJUSJTpPqKByyuyAWcEAmy4S236GvOPNGk66
LEsVUrzEenFIqP4vokEHA2aHfh1zP4cwNd9kLHmS7dIOR9wLRKpgX8wTq1uUvZPN
fjlFa41BsLtH5t01/cE29cZQ4pGIwNMAO6eMzTDQCApce0IFqYg+wOdpSv0wTyV8
jbQaFqJ7ffneCFddBEJviAxzZkcJsKBZYZxVoXOHsNykXEU3xUuPqPIS+kBHQlSw
fZZ6dkiTbTEe5+Mq4SP1TktkwNIjbJkh3zQIFecZQ6cEDkvrh07Ecmimn6zsTxKz
3yO7FcMrhtAC149zRtA9NUxmSBGROS/jHoCxhCBGQh+O+dvtGrtqxmLRg5opkhZa
PvoHYOU8BXnsi6Euc4DgKDtl3Py4v/oCYdqiXR2+6SoU2FuJomlIb2YXjMePEgEE
LWhDQIevmX8feuKgPgxHeacPJ8pR1xNkyQrCphdXEmLOfjKFs9pK4KDEIFds/GyJ
uzr9GzQ0ksGFneVciRyRwc1MP9HgtFlc6Hdr+GMd42i9W9/Gf/TTZQb1WngFklwj
IC+2POL+4dHP3PsY4Q6fyd0deYM6PQNKTwBCQhVwRIm4Y8iOgjRwmhiRfH9w3jRo
3Z3goIZv4AK1zFJfRBlLniRKtk+VIGc6bxQRUKwKXmm0DNlMcT3nsyIJfjo1xu/S
k3AXcY1Dl+643gxDvG1fRBNcXyxUDqw0zXVeWvQITgAUTJl8b2fYC9p8od+hfTsj
eJH8PJbHJsANk16k08r/Fsbr+2IQp6IInoCU3VNew7phE6cohqwcq6Hai3B3faJz
IVq+GWSuYxXG6Fb73lRipQf9vrFiUH5tbjZcN/a5XHmykI6aQID4ok5ut4NjqpO3
+upuQEDikyHsZ48z66aRaibAauGcegLP91nVnv7Kh8SUS/rNAgOOS7Vh4hs1xWwv
jWWbXaEDHVLV6zksg5DLHN9ScycT8RV06zxU9L2OwPPbKDgZjbRtR6i5GVjCKwsG
urnSsUl/Z+yj53TGZQlA3Cty0Wjk/KMQ2p3pTZc7HNwXtGN2QuWHAFwEs2zUht18
uUtGuUmDM/1xanWUd8AGapvr2aUnb0NmiHxj6dVjTDr1eZe5Da8AZobtzMkEAxqR
BmP0cSzayVH/9QagobUjraFMQxLifdpqpqxDqJ7l+npeyxN77Vws0VFcTmNGldzm
poZcSckeuuETxg4STXid8z2PTKByyF5mivFYMVgi8GEVN26wQ5IOisXCyezztGt5
v6je6Aip2Qrgovsvg/iyGPezYwYhtobvAQ9CcgXvsRGQlfAUobKUOQHFWNOhH1Mc
ylgLq8JA3U4WRxjEddJhgmxfgKS5229ciXavCuaIz9HzFrq/ONbdRZt85LE80dTO
qDOts2rOzx1TdUHmjIvjLMsrhuy0nzD5MUINgBzykhhAC/9Fm4yFU9aWSQlmvB67
UebGNnffWxp6BiVeT6Jsg9tlohZlBvWDEuj/lIRB+S0r779JOweRa80/tioI83Yu
Qe1KWs/kE2vw5TsDvzywIrIEjBdo8UFYPsYNqcbS8vkkjg3W9MJjmU0+Ju003GL9
pXUXQrcIQNNFdLKcYeVliijux/6Gvsa70b36NdttUq0braLe7AfEBN9v43qaYaJS
LG5vqjYMSrgD9wVFpCSf0bDD0YP8G+wtt7z82wqG/ydQaNi8dSPL/gmU5UvJGT16
Hw8rNDUoXN9fKQfHgZ6ys1UjuutrBmNEM4B/U7g19DuDp4H95OqotXaa330249s1
6nEq4gsjbCR1fzkv8kYbrr9+iSdbzvAwqIJmqspG9BywWw7DthlaSjQ7hjfGDiUE
SnTPilyPz5x4zoS928k4gVizJl2VkpEkN+ZjyJqNFMZ/19VcYB2rRt82rCwnHg9R
nHKFGjWA4IwiD8MD5/gKkwnMUHH2hkqXpAauD/lTZnrgJqd/Z1UJ9K5HV1iXtWAK
kuDxG2OSPZKjxQ0K6kgaIQdcnkM232/11hIWYo+S3bm8fk0e2PVhLITvfOIS8DS+
pYc3FdSd6x6tOjg6KRLmvL/HspmUOYyiq4widmLfXnwZFbvF5+CP/Ccprgbh6N5g
f9DjhdjbONlFFP/M4vmqUDR0Gbq2kh/zwyvVrQhNZMcO49kzErGXcW+2XGDj8+UY
VvE+suLurTXQDooa6smmYTgvTw7i6eGu34yuCRVpvli9/R6xHuZCED9pAePYAt58
PVja+ZgPZ3pT7iRYjHXjZEr/XRmgLS0w2tyRxzmAoe3GLs9XvnHxgskhm7dkXz5h
qiK/fR26/kPCvohtXl0RtDh6b0bQE1TZtbV4VGJc6cny5+W+BHFRf/L0UbdZv63x
457fTeKChb+1dFx3bA+5UwzUu4O1pbM+vDaUjMPL7AD0BDBZjbDAuYYqL9d+ZMPo
3hHkqo/HJ32zpYDxQMheAithJppQaxKgO15b8B9c+PDJAJYx4BsImwDU7nS6weE6
AxpHUdjptxwZEidruNUyYa/h7p7PQIHjQrm7PlJwdvNT5bvN490jk5uO8K0Bruzz
pzl0Y+c7FLVpBmnbbLD0demD7Z8vxKT+EObLO/AQwOCXSSnxhphdMaBhg57AUiQD
dDTnQw34zq1ctQExkMvzFX+FjUemd6SgWRvFRsrX09Fw02ZzIsWjZaeW3hzogWKj
+5lQuCFiheRiCCJihWo2ol+uqL1bJjF2f40DgF0Oj6NjeHp3OCU+vuFgTsBz1ERW
KC4fjW2ppSR6A3nM2742pkbGYp1PEeJlpQwjjIVH8NsFQ3zbOhosEAFXpBq5nVBL
L0nRGSwGff9Ziq6dJBVRnOdD8wdqVEQMhHCw+0Ed+z9wHcRsgkiHwLV8ScFxhLLI
Ccns8EVvzXOLGfSpwSjGUQ+qIvyZNm6F6p8A0CkIJhbpl8ebWhcUG/0OO3UCblYr
Ygdo9a4n/l8gy7zBKcYDejFyTuz3++tEIGdezFdNZNqf5wgM5qr1AxHkJAsBe6Hg
PZ83IuAiEgQ+wdGvhQu4+uqeWiaiBVRtSccNhYBXkMl9JvNnTUZ4Ys1xwYhLKGjD
kpbyrBxg+NwUfvBUKc9X218Jy7IvExTSK4IrwhjUfMhvNff1AUSAXLgJIR7+9gXp
Tjxp2L35F9+UlRIXdYLRqY0ovYej89TUypLSJNkbs8xuOEuTiH5DYSey7CpYAmJ0
nQ/UWaziUyM83RZBRqC1AmMuIxYtAaF8O+FzQLPWePaoSRgnF4BYGPSdcjvmMfaq
blaUAEkqqU/v8r2WASm8OvmBb69c2ZqNuiT1yamzrm9z1+Cij4XY5oOLYcYxHhIr
SM/rfqsgm4m3FHcqNDRePSsJMCoQAa/xU71wvFUj/rb/dgDzCIJWyHNh5ivP7s47
50b16VoWDfboFWYHTJeeDyVwq/NFTvsrB/bS4NBnzzBHRdPIHeKZH+J1raolhkEH
mVaO3CpTzLrYSokrH5FaW8eVzEQhTfYc5C9vO0nmoX6e4/jtHX1j7+2PlXpFgUHx
BEpQ3SO8GR+zfIJuA9weuOAVEu4SZnd4K3DJ0kjbxrS1uBZwUm5/sstsfULAML/n
FffjvTnLSLqhzrUObEDoc2GnvYNfpRBpJQE5sKhe+uHioO8amZxsAeDMnzybeJ9q
hYQNXkD44pyHNRylFfxe/psARlHsncHJc6aqJsUemBZaaYp9fqRReXqEtM3KWbIX
aH2eeGd/z0F+HyqgctS381NOaouK3RvbL0ommG37o8crjcdVX6GgtaPH8YK0mqoG
CYwK1a9VsVeKJ3AK5N/6lWvpuDusphM0AtoQAW0weSbxq6Ia3B+lO6G/OieIy1lA
MM3optVWvT9c3BxtzSshSK5pjsHdAFQ33EOr7yN5y76qDsHoma6Ao8gfaKblvLyN
lWaIV7M5v5Rl9R4mFDcyhip6lXlpHZhZM2ifkJAXW+o4SIKNbG6agflrBqsRw/PR
HQIx+V5TZNjVG8DShvFGdHX8qhv0lrceLv4NeHD9RgiHLNxsbR7RRqVRI/f/6Wbi
v36JJ1vO8DCogmaqykb0HLBbDsO2GVpKNDuGN8YOJQR45FTENNMZkltrnT2XxP6X
2Q+p797pO/q7EVLPKLSvUVI9KIpvr7uZ0mcxI9ZBi4NiRZGuQxBnLWoyiQiHUfgX
50+Y0O8SHEbcwICCpV/58MXnFhLISvHmFewJ84D//2GlXcuAEmYhNQM+pEAe9n1d
rdYRmkgk6v894rVi6Vo6xgaWHvqbrpS3xi9sWsLrGchmfnnRwVY4gi8ywvDIee+d
j7EoiNcL6QM4DK2+tayTtPpXPX78buT38WfSPAyf1QU1TGGeBw6juyi29U2etBkp
nCAXsnfeCKgf/d/cM979eymdEOoeAOWFT2KUWmXibXAEDDkAqNmqbaFVZC8jng+m
G/5+iNBJED2JbvVbvVycYfEtH4c3xQsTHVA2eL/dPoEcBN13bOAZmW3x44oixr5Q
Lf5db1oDva8m/UP5LNtTVJAW4w6ij2HE/rLkfjDgGWBCWhpEG0p6JxZONRoAd37t
2i9je4MC6nH4jMJdBUQMa0tpFjyyzwhM2p6Lyf5I9QO8DKbmJmP9cz9+RTbK6s9D
6nGPBXV9eKX/s3z0uXxKqT4M33WIIPr3fuYellzRL6x0O/v9EGS+JOKbR0hRzyzR
PR+9ae69Qsxhh2ApodT+F0cgHMPnA8kFYTUhNCk8vXLX6prm3oRYnrEBUGk/m11i
1nk94/ASFAhZR/O9BYlW44FiGCFYtUyfHsGi8Q5gMYi3vd5J3Zt7/CGSJEJ0yKqC
NmT62kGoVcxWhEAtmkChLnEAzIlmYjd6alg47APkgWC0RyNjS0bLWhnrvqO1bwnE
J51uLe+Ny1GluSZl7C0k8+d3CdfS45I3tQfR8ym8x/1UKFpPf5AACBAx6iYagAuK
hsirYAOXh+sCLSfHT1M0B1bJH7nFbAl0berBxgaDMXVYgxvmDcAxRyCrAb5RHhYa
mYARt/mkTqLyEkvPxuS8Wa1+yvTdr4treySUaZwgr08tGSM9Kl++PXZAYTGIjByl
TNw/p7M6e25B4Pn8QuBMyNNDSK+7DlU2lmktJ921dzvLiojJgbK1xa6fDegeBHM9
36m2X6Hk2vmp+IaEyj7Ud28szZPt0aRPHtwYEmj1WpC/hNom2UYTs98cbTVkEPdl
5bOYhZqr1i1uGa46ck9pFBb6DkN8ePZDh2aigVHzl02qsdrbPqG+n7KJJdDBhLza
lMEv4vPbpZEzqQq7Jow0gtS4ZmLESeCFqM048MC/0QA5GtiuyCZdkEtvAAySHcVp
mwFQTQYdx9m7anaf97duTQ==
