U2FsdGVkX1+jNE6oCXGw9q2boXWy3EOJxFjA+/6LGZDI2BmleOLkzXDBq+DceuJz
4ekTukdR+U+SdW3z9Za1f5p+h70ZeWOpVucWW3TzKwzy3uxhifamoTYef3200YkR
vKBrZLcGaTEKSy6dA+Nix+jiYe+qcB3ibUtfQpvbs8cbf5y2b6qCot6T8ygBhXFZ
7lcGYr72TICMKmzVwIv+c0ZnOCsSTrCSY5lhqfFZ3paKq/Q9LSGmM/X0s3E4jrH6
fmaMTi8NXuRSwdFWsKaYRecRpJFOjhWK2iLpLEImNVbuEeov2g7YpsmFRF82eey2
yEtaTlEntot4lTkX7tbszbudgs/LI3+omdbbQTpraBEGF1fAWmUu+7DYoVcq3VRH
BnquKtTJukmTJ3jr70rDYvRGjmqRHW+AKJNT3LLXFMWeSCFPNBs+mYyWPvRy0hw+
qPWGhDVRGotUGpGMGJQJFLpNDGrMncSCwxqaBmO+j8s8LFzmhwh4PpdHH+mhZuBl
Woiy7o4pado8VgnTtpu9ju7nL3yHuSgPbMPE1mSB5cXM74G0cE0q9R63g0oWfVPj
+DEIjKwppFVMWSpdDWerJy+I/MkIq4UnEU7CJiTcc5oOAVu4KLzUb2t4Hw+QCtid
COKlFb3BFHJG7Nj1b2TLavPiHH8YPj202eVqga+v4sQjSgV1FVlK1j2B+RhyKkNv
TT4MkW/bcSU3KA85zIr6cyuN9VADY20aSExqLh20OBsERlzXZSOJfBkiWAY4RMjr
6IUb+6aZUBcy2XxNxchCoTGpdPUobM6m0UuyjzQUJgwF4refzfwl1fP5rnGN42qX
2/poqjkpjxBb3cw2Bxbxqqfb4UlazAobAfNvDwGH0GHF/Fw+9ySNcSFt3YvWC3JL
iskP8HKHb9B/tFysJVfDrAZ6rirUybpJkyd46+9Kw2L0Ro5qkR1vgCiTU9yy1xTF
r333Uu3QF/tiJwSAkJYTL3jHHyEQiCa9ws8nHds+HzR/V63NxakNHLN2wTLF3SXF
9sdMK/xRu4B7RtmzBcrxt4wsEQiw7y1qBEF5gote2e/bFndaVO41rhEtW9itZBca
B6gb7LtEwvyHY8/r9+iOxOd08ydKM8e09V+XoeZMRGPDfMr62zsvGZ/Mr7mVfFip
bzfMhpy3MdkSEWcJ52C+Cij/u+CaQKunbicuXiP7Z7I3giGfFvvUWKlXyyYzLNHU
lQSTE1Ks64yKE0kHIqi/X6d2hMCTRwf6c1SE8Ea41z0xHUCwS2gluEPI8mLOAcR8
HB+0qTCvhKFXykM9EDzvb4Z53MxpA2WduM1xn0YSm/4Geq4q1Mm6SZMneOvvSsNi
9EaOapEdb4Aok1PcstcUxaxkxwmCGOjzUvPNWBu6MCuRIKgrA4QNJu+rVgXQgBtE
hnnczGkDZZ24zXGfRhKb/gZ6rirUybpJkyd46+9Kw2L0Ro5qkR1vgCiTU9yy1xTF
Thqv4lhZwx2/o+TzvchEgRwftKkwr4ShV8pDPRA8729+3e7X4ySvVG0rfqgY3o7u
lQSTE1Ks64yKE0kHIqi/X6d2hMCTRwf6c1SE8Ea41z0G/fN+YosHFKcGM7q4+j2V
1R2tU2RJRBCeccf09UaBsSjL3DXUH5wXO7UVrKoK/Gq2bp85TV7AJScpsoiecFxo
MB9O9R80td/yOw8a5BvOARAFZCoXazOOhcXWeikANmpz6ZIZCFWuHCZs+esuwEXV
sQbP3huWlMzeMceWqTEhI48Gf7Nqob7iOoDVmgaADLVQsxzUqde36qCLfL2LVlpl
Gk3ubNtV62I2cm4I7ZVhK/BG4NfJvOlI+ooO4/cryt/ENj9s9bo8GNQcUVesEDLm
9okn9KbHgx5YBbhB0bazA9xQj4YiC36p7/bsKgp8fkuV0HsNdQQa9+k/azIALuM9
RFEM8gsQZqdlk69C2NuebRb+CNOcA31qjR+dEHsRm1D2i0cyKOLWX+dhdGrr33JU
