U2FsdGVkX1+jNE6oCXGw9q2boXWy3EOJxFjA+/6LGZDI2BmleOLkzXDBq+DceuJz
4ekTukdR+U+SdW3z9Za1f5p+h70ZeWOpVucWW3TzKwzy3uxhifamoTYef3200YkR
/GMg4k95pNqkH+ubydVeW/tTetpWTfzS8POSKWE2evxrK448VeD/JP9fDbQkjrv1
ErfHWVGnxvY+QYs/CLMR+A3tS0i/XwehV0N1hLJOe11pZEAOFtRn1w09/00OJW0q
jV38V4+FdJRs+goj4IuKoqIXPQQmA21P04MO5GYRnluvWhnNerAc8fgmQn315G6n
H5BIjTeRs5ByH5hwKmBCIf/3DXnZVuJ7CjSnY6VpgPFpBQmiBLUknmWMj5i9KzkA
BeK3n838JdXz+a5xjeNql9v6aKo5KY8QW93MNgcW8aqKrTX8UaKpg3LE64tCQolu
cKWCLjtr1klpTYks+Et1Y5HW1IH/3rSb21Nyd9NCFCYw0F5Z11v47or2raeSO1Tp
Q9cw2Z+5EWxmgkp2cVDftuONZ4cDSwwKu6s1RU/yMBOmtgLjXD5y43A9TzXjw3WL
qwOjs4LbEvHif7QmJ28W/WefI7Us/v7QNxZvdhCvc/v+y4zu72WBIWtN92biwuC5
GQO9KI7yyWicFkGuOHjcJiEiScyZa83tYrLQwWcl+6pU1AojSXC83sDRMP7zv9ox
kapbduejc+sOQ6HXm2A+Ac1N/PXPwcJpNYZ1W/3Htfdm9zdM1dXqn7O6oW7oe7PC
9S+UQXXJCbrKFdx5F5KfH5gFymvrpjgBBMS+eWuFGWRIAtJ2Yb2zmid1rly6zjLM
fVbq5cLWc63yaW+ETGpaEyo9bMKNab5BKz1F8jkYpuxYiiKLXBaikChNynt/oTA1
KbNvt7suFfM9Y9s1efe8agXit5/N/CXV8/mucY3japfb+miqOSmPEFvdzDYHFvGq
p9vhSVrMChsB828PAYfQYZNjImr4BRM0SKXLSy9uNRVE1jNjwO+tlj+4CwICLj7O
lQSTE1Ks64yKE0kHIqi/X6d2hMCTRwf6c1SE8Ea41z00eU9xkALqEg4Pw0Tm+KNh
bx0T6A85UiFlZdx9vbkrVDmtteDrpRr9MXhYxoSibCe2+lTpaaGcNEYv8y1+rvcj
1+ws2U673g4ymRqNnJffcjuS7dcGX4TrKtnFHZ+evYp481XgouSNoCm5w77fhFMi
BnquKtTJukmTJ3jr70rDYvRGjmqRHW+AKJNT3LLXFMWsZMcJghjo81LzzVgbujAr
mmJCjG5s5vhYlVgjtL0ObkRVI3UIMX8WZYzY5ffGRLgF4refzfwl1fP5rnGN42qX
2/poqjkpjxBb3cw2Bxbxqjb/rG8mEhJhCbO9Iq3GeGUI5QmBx/vn/v+5E88/YgwA
RFUjdQgxfxZljNjl98ZEuAXit5/N/CXV8/mucY3japfb+miqOSmPEFvdzDYHFvGq
lHfKGSMsqmz173eKHd/YU5piQoxubOb4WJVYI7S9Dm62uBJlwI6YK5FMIbhEBbIs
BnquKtTJukmTJ3jr70rDYvRGjmqRHW+AKJNT3LLXFMX2CET29J89JU5GYA4t5CNh
xvCiRHt3UxFN0xYEWe4vAtUMk/830V9aqj985f/hKeF5CqtrfIa8tADZ1obs5psa
HMyHwNWM3TDfoOseExUGY242zpba/xYsHsd6K/85mfw/NkF+I36cvmVSBKjR52uf
xbN1OQ71KUlrQeqTxFjVBwcHIUcY1SvEsBBoC/VenEMlV+XlQMEyABW/5lfCkRne
7VGUslcIXJNnVcjNPc7PLw==
